// !$*UTF8*$!
{
	archiveVersion = 1;
	classes = {
	};
	objectVersion = 46;
	objects = {

/* Begin PBXBuildFile section */
		4704DDC41C15EE3300B40118 /* UBUNTU FONT LICENCE.txt in Resources */ = {isa = PBXBuildFile; fileRef = 4704DDBA1C15EE3300B40118 /* UBUNTU FONT LICENCE.txt */; settings = {ASSET_TAGS = (); }; };
		4704DDC51C15EE3300B40118 /* Ubuntu-B.ttf in Resources */ = {isa = PBXBuildFile; fileRef = 4704DDBB1C15EE3300B40118 /* Ubuntu-B.ttf */; settings = {ASSET_TAGS = (); }; };
		4704DDC61C15EE3300B40118 /* Ubuntu-BI.ttf in Resources */ = {isa = PBXBuildFile; fileRef = 4704DDBC1C15EE3300B40118 /* Ubuntu-BI.ttf */; settings = {ASSET_TAGS = (); }; };
		4704DDC71C15EE3300B40118 /* Ubuntu-C.ttf in Resources */ = {isa = PBXBuildFile; fileRef = 4704DDBD1C15EE3300B40118 /* Ubuntu-C.ttf */; settings = {ASSET_TAGS = (); }; };
		4704DDC81C15EE3300B40118 /* Ubuntu-L.ttf in Resources */ = {isa = PBXBuildFile; fileRef = 4704DDBE1C15EE3300B40118 /* Ubuntu-L.ttf */; settings = {ASSET_TAGS = (); }; };
		4704DDC91C15EE3300B40118 /* Ubuntu-LI.ttf in Resources */ = {isa = PBXBuildFile; fileRef = 4704DDBF1C15EE3300B40118 /* Ubuntu-LI.ttf */; settings = {ASSET_TAGS = (); }; };
		4704DDCA1C15EE3300B40118 /* Ubuntu-M.ttf in Resources */ = {isa = PBXBuildFile; fileRef = 4704DDC01C15EE3300B40118 /* Ubuntu-M.ttf */; settings = {ASSET_TAGS = (); }; };
		4704DDCB1C15EE3300B40118 /* Ubuntu-MI.ttf in Resources */ = {isa = PBXBuildFile; fileRef = 4704DDC11C15EE3300B40118 /* Ubuntu-MI.ttf */; settings = {ASSET_TAGS = (); }; };
		4704DDCC1C15EE3300B40118 /* Ubuntu-R.ttf in Resources */ = {isa = PBXBuildFile; fileRef = 4704DDC21C15EE3300B40118 /* Ubuntu-R.ttf */; settings = {ASSET_TAGS = (); }; };
		4704DDCD1C15EE3300B40118 /* Ubuntu-RI.ttf in Resources */ = {isa = PBXBuildFile; fileRef = 4704DDC31C15EE3300B40118 /* Ubuntu-RI.ttf */; settings = {ASSET_TAGS = (); }; };
		4704DDCF1C1732A000B40118 /* AnimatedLogoNode.swift in Sources */ = {isa = PBXBuildFile; fileRef = 4704DDCE1C17329F00B40118 /* AnimatedLogoNode.swift */; settings = {ASSET_TAGS = (); }; };
		4704DDD11C17A9DA00B40118 /* TabControllerNode.swift in Sources */ = {isa = PBXBuildFile; fileRef = 4704DDD01C17A9DA00B40118 /* TabControllerNode.swift */; settings = {ASSET_TAGS = (); }; };
		4704DDD31C17AC1900B40118 /* TabNode.swift in Sources */ = {isa = PBXBuildFile; fileRef = 4704DDD21C17AC1900B40118 /* TabNode.swift */; settings = {ASSET_TAGS = (); }; };
		4712B62D1C0F58E100C49522 /* ASMaterialTextField.swift in Sources */ = {isa = PBXBuildFile; fileRef = 4712B62C1C0F58E100C49522 /* ASMaterialTextField.swift */; settings = {ASSET_TAGS = (); }; };
		4712B6311C0F594700C49522 /* JJMaterialTextfield.m in Sources */ = {isa = PBXBuildFile; fileRef = 4712B6301C0F594700C49522 /* JJMaterialTextfield.m */; settings = {ASSET_TAGS = (); }; };
		4712B6331C0FAA3B00C49522 /* LoginButtonNode.swift in Sources */ = {isa = PBXBuildFile; fileRef = 4712B6321C0FAA3B00C49522 /* LoginButtonNode.swift */; settings = {ASSET_TAGS = (); }; };
		4712B6391C10780200C49522 /* LSFormNode.swift in Sources */ = {isa = PBXBuildFile; fileRef = 4712B6381C10780200C49522 /* LSFormNode.swift */; settings = {ASSET_TAGS = (); }; };
		4712B63B1C11149800C49522 /* Utilities.swift in Sources */ = {isa = PBXBuildFile; fileRef = 4712B63A1C11149800C49522 /* Utilities.swift */; settings = {ASSET_TAGS = (); }; };
		4712B63D1C1206BA00C49522 /* NotificationView.xib in Resources */ = {isa = PBXBuildFile; fileRef = 4712B63C1C1206BA00C49522 /* NotificationView.xib */; settings = {ASSET_TAGS = (); }; };
		4712B6401C1321BB00C49522 /* WildUser+TwitterUser.swift in Sources */ = {isa = PBXBuildFile; fileRef = 4712B63F1C1321BB00C49522 /* WildUser+TwitterUser.swift */; settings = {ASSET_TAGS = (); }; };
		471834231C187F59005C9533 /* HeaderNode.swift in Sources */ = {isa = PBXBuildFile; fileRef = 471834221C187F59005C9533 /* HeaderNode.swift */; settings = {ASSET_TAGS = (); }; };
		471834271C18893C005C9533 /* SubsectionSelectorNode.swift in Sources */ = {isa = PBXBuildFile; fileRef = 471834261C18893C005C9533 /* SubsectionSelectorNode.swift */; settings = {ASSET_TAGS = (); }; };
		471834291C199AEF005C9533 /* TabbarContentScroller.swift in Sources */ = {isa = PBXBuildFile; fileRef = 471834281C199AEF005C9533 /* TabbarContentScroller.swift */; settings = {ASSET_TAGS = (); }; };
		4718342E1C1A791A005C9533 /* TabItem.swift in Sources */ = {isa = PBXBuildFile; fileRef = 4718342D1C1A791A005C9533 /* TabItem.swift */; settings = {ASSET_TAGS = (); }; };
		471834361C1B3D6E005C9533 /* HomeController.swift in Sources */ = {isa = PBXBuildFile; fileRef = 471834351C1B3D6E005C9533 /* HomeController.swift */; settings = {ASSET_TAGS = (); }; };
		471834381C1B3D82005C9533 /* SearchController.swift in Sources */ = {isa = PBXBuildFile; fileRef = 471834371C1B3D82005C9533 /* SearchController.swift */; settings = {ASSET_TAGS = (); }; };
		4718343A1C1B3DA3005C9533 /* MyStreamController.swift in Sources */ = {isa = PBXBuildFile; fileRef = 471834391C1B3DA3005C9533 /* MyStreamController.swift */; settings = {ASSET_TAGS = (); }; };
		4718343C1C1B3DD5005C9533 /* PlaylistsController.swift in Sources */ = {isa = PBXBuildFile; fileRef = 4718343B1C1B3DD5005C9533 /* PlaylistsController.swift */; settings = {ASSET_TAGS = (); }; };
		4718343E1C1B3DDD005C9533 /* MeController.swift in Sources */ = {isa = PBXBuildFile; fileRef = 4718343D1C1B3DDD005C9533 /* MeController.swift */; settings = {ASSET_TAGS = (); }; };
		47A4E67D1C0CAE6100354EA8 /* Synnc.swift in Sources */ = {isa = PBXBuildFile; fileRef = 47A4E67C1C0CAE6100354EA8 /* Synnc.swift */; };
		47A4E6841C0CAE6100354EA8 /* Assets.xcassets in Resources */ = {isa = PBXBuildFile; fileRef = 47A4E6831C0CAE6100354EA8 /* Assets.xcassets */; };
		47A4E6871C0CAE6100354EA8 /* LaunchScreen.storyboard in Resources */ = {isa = PBXBuildFile; fileRef = 47A4E6851C0CAE6100354EA8 /* LaunchScreen.storyboard */; };
		47A4E6921C0CAE6200354EA8 /* SynncTests.swift in Sources */ = {isa = PBXBuildFile; fileRef = 47A4E6911C0CAE6200354EA8 /* SynncTests.swift */; };
		47A4E69D1C0CAE6200354EA8 /* SynncUITests.swift in Sources */ = {isa = PBXBuildFile; fileRef = 47A4E69C1C0CAE6200354EA8 /* SynncUITests.swift */; };
		47A4E6AF1C0CB46B00354EA8 /* RootViewController.swift in Sources */ = {isa = PBXBuildFile; fileRef = 47A4E6AE1C0CB46B00354EA8 /* RootViewController.swift */; settings = {ASSET_TAGS = (); }; };
		47A4E6B11C0CB4D600354EA8 /* MainUser.swift in Sources */ = {isa = PBXBuildFile; fileRef = 47A4E6B01C0CB4D600354EA8 /* MainUser.swift */; settings = {ASSET_TAGS = (); }; };
		47A4E6B31C0CB69700354EA8 /* LoginViewController.swift in Sources */ = {isa = PBXBuildFile; fileRef = 47A4E6B21C0CB69700354EA8 /* LoginViewController.swift */; settings = {ASSET_TAGS = (); }; };
		47A4E6B51C0CB6D100354EA8 /* LoginNode.swift in Sources */ = {isa = PBXBuildFile; fileRef = 47A4E6B41C0CB6D100354EA8 /* LoginNode.swift */; settings = {ASSET_TAGS = (); }; };
		47A4E6B71C0CB83E00354EA8 /* SoundcloudApp.plist in Resources */ = {isa = PBXBuildFile; fileRef = 47A4E6B61C0CB83E00354EA8 /* SoundcloudApp.plist */; settings = {ASSET_TAGS = (); }; };
		47A4E6E21C0CC6E100354EA8 /* Futura.ttf in Resources */ = {isa = PBXBuildFile; fileRef = 47A4E6BA1C0CC6E100354EA8 /* Futura.ttf */; settings = {ASSET_TAGS = (); }; };
		47A4E6E31C0CC6E100354EA8 /* FuturaBold.ttf in Resources */ = {isa = PBXBuildFile; fileRef = 47A4E6BB1C0CC6E100354EA8 /* FuturaBold.ttf */; settings = {ASSET_TAGS = (); }; };
		47A4E6E41C0CC6E100354EA8 /* FuturaBoldItalic.ttf in Resources */ = {isa = PBXBuildFile; fileRef = 47A4E6BC1C0CC6E100354EA8 /* FuturaBoldItalic.ttf */; settings = {ASSET_TAGS = (); }; };
		47A4E6E51C0CC6E100354EA8 /* FuturaBook.ttf in Resources */ = {isa = PBXBuildFile; fileRef = 47A4E6BD1C0CC6E100354EA8 /* FuturaBook.ttf */; settings = {ASSET_TAGS = (); }; };
		47A4E6E61C0CC6E100354EA8 /* FuturaBookItalic.ttf in Resources */ = {isa = PBXBuildFile; fileRef = 47A4E6BE1C0CC6E100354EA8 /* FuturaBookItalic.ttf */; settings = {ASSET_TAGS = (); }; };
		47A4E6E71C0CC6E100354EA8 /* FuturaExtraBold.ttf in Resources */ = {isa = PBXBuildFile; fileRef = 47A4E6BF1C0CC6E100354EA8 /* FuturaExtraBold.ttf */; settings = {ASSET_TAGS = (); }; };
		47A4E6E81C0CC6E100354EA8 /* FuturaExtraBoldItalic.ttf in Resources */ = {isa = PBXBuildFile; fileRef = 47A4E6C01C0CC6E100354EA8 /* FuturaExtraBoldItalic.ttf */; settings = {ASSET_TAGS = (); }; };
		47A4E6E91C0CC6E100354EA8 /* FuturaHeavy.ttf in Resources */ = {isa = PBXBuildFile; fileRef = 47A4E6C11C0CC6E100354EA8 /* FuturaHeavy.ttf */; settings = {ASSET_TAGS = (); }; };
		47A4E6EA1C0CC6E100354EA8 /* FuturaHeavyItalic.ttf in Resources */ = {isa = PBXBuildFile; fileRef = 47A4E6C21C0CC6E100354EA8 /* FuturaHeavyItalic.ttf */; settings = {ASSET_TAGS = (); }; };
		47A4E6EB1C0CC6E100354EA8 /* FuturaItalic.ttf in Resources */ = {isa = PBXBuildFile; fileRef = 47A4E6C31C0CC6E100354EA8 /* FuturaItalic.ttf */; settings = {ASSET_TAGS = (); }; };
		47A4E6EC1C0CC6E100354EA8 /* FuturaLight.ttf in Resources */ = {isa = PBXBuildFile; fileRef = 47A4E6C41C0CC6E100354EA8 /* FuturaLight.ttf */; settings = {ASSET_TAGS = (); }; };
		47A4E6ED1C0CC6E100354EA8 /* FuturaLightItalic.ttf in Resources */ = {isa = PBXBuildFile; fileRef = 47A4E6C51C0CC6E100354EA8 /* FuturaLightItalic.ttf */; settings = {ASSET_TAGS = (); }; };
		47A4E6EE1C0CC6E100354EA8 /* FuturaBoldItMas.ttf in Resources */ = {isa = PBXBuildFile; fileRef = 47A4E6C71C0CC6E100354EA8 /* FuturaBoldItMas.ttf */; settings = {ASSET_TAGS = (); }; };
		47A4E6EF1C0CC6E100354EA8 /* FuturaBoldMas.ttf in Resources */ = {isa = PBXBuildFile; fileRef = 47A4E6C81C0CC6E100354EA8 /* FuturaBoldMas.ttf */; settings = {ASSET_TAGS = (); }; };
		47A4E6F01C0CC6E100354EA8 /* FuturaBookItMas.ttf in Resources */ = {isa = PBXBuildFile; fileRef = 47A4E6C91C0CC6E100354EA8 /* FuturaBookItMas.ttf */; settings = {ASSET_TAGS = (); }; };
		47A4E6F11C0CC6E100354EA8 /* FuturaBookMas.ttf in Resources */ = {isa = PBXBuildFile; fileRef = 47A4E6CA1C0CC6E100354EA8 /* FuturaBookMas.ttf */; settings = {ASSET_TAGS = (); }; };
		47A4E6F21C0CC6E100354EA8 /* FuturaExBoldMas.ttf in Resources */ = {isa = PBXBuildFile; fileRef = 47A4E6CB1C0CC6E100354EA8 /* FuturaExBoldMas.ttf */; settings = {ASSET_TAGS = (); }; };
		47A4E6F31C0CC6E100354EA8 /* FuturaExtBdItMas.ttf in Resources */ = {isa = PBXBuildFile; fileRef = 47A4E6CC1C0CC6E100354EA8 /* FuturaExtBdItMas.ttf */; settings = {ASSET_TAGS = (); }; };
		47A4E6F41C0CC6E100354EA8 /* FuturaHeaItMas.ttf in Resources */ = {isa = PBXBuildFile; fileRef = 47A4E6CD1C0CC6E100354EA8 /* FuturaHeaItMas.ttf */; settings = {ASSET_TAGS = (); }; };
		47A4E6F51C0CC6E100354EA8 /* FuturaHeaMas.ttf in Resources */ = {isa = PBXBuildFile; fileRef = 47A4E6CE1C0CC6E100354EA8 /* FuturaHeaMas.ttf */; settings = {ASSET_TAGS = (); }; };
		47A4E6F61C0CC6E100354EA8 /* FuturaItMas.ttf in Resources */ = {isa = PBXBuildFile; fileRef = 47A4E6CF1C0CC6E100354EA8 /* FuturaItMas.ttf */; settings = {ASSET_TAGS = (); }; };
		47A4E6F71C0CC6E100354EA8 /* FuturaLigItMas.ttf in Resources */ = {isa = PBXBuildFile; fileRef = 47A4E6D01C0CC6E100354EA8 /* FuturaLigItMas.ttf */; settings = {ASSET_TAGS = (); }; };
		47A4E6F81C0CC6E100354EA8 /* FuturaLigMas.ttf in Resources */ = {isa = PBXBuildFile; fileRef = 47A4E6D11C0CC6E100354EA8 /* FuturaLigMas.ttf */; settings = {ASSET_TAGS = (); }; };
		47A4E6F91C0CC6E100354EA8 /* FuturaMas.ttf in Resources */ = {isa = PBXBuildFile; fileRef = 47A4E6D21C0CC6E100354EA8 /* FuturaMas.ttf */; settings = {ASSET_TAGS = (); }; };
		47A4E6FA1C0CC6E100354EA8 /* FuturaCondensed.ttf in Resources */ = {isa = PBXBuildFile; fileRef = 47A4E6D41C0CC6E100354EA8 /* FuturaCondensed.ttf */; settings = {ASSET_TAGS = (); }; };
		47A4E6FB1C0CC6E100354EA8 /* FuturaCondensedBold.ttf in Resources */ = {isa = PBXBuildFile; fileRef = 47A4E6D51C0CC6E100354EA8 /* FuturaCondensedBold.ttf */; settings = {ASSET_TAGS = (); }; };
		47A4E6FC1C0CC6E100354EA8 /* FuturaCondensedBoldItalic.ttf in Resources */ = {isa = PBXBuildFile; fileRef = 47A4E6D61C0CC6E100354EA8 /* FuturaCondensedBoldItalic.ttf */; settings = {ASSET_TAGS = (); }; };
		47A4E6FD1C0CC6E100354EA8 /* FuturaCondensedExtraBold.ttf in Resources */ = {isa = PBXBuildFile; fileRef = 47A4E6D71C0CC6E100354EA8 /* FuturaCondensedExtraBold.ttf */; settings = {ASSET_TAGS = (); }; };
		47A4E6FE1C0CC6E100354EA8 /* FuturaCondensedExtraBoldItalic.ttf in Resources */ = {isa = PBXBuildFile; fileRef = 47A4E6D81C0CC6E100354EA8 /* FuturaCondensedExtraBoldItalic.ttf */; settings = {ASSET_TAGS = (); }; };
		47A4E6FF1C0CC6E100354EA8 /* FuturaCondensedItalic.ttf in Resources */ = {isa = PBXBuildFile; fileRef = 47A4E6D91C0CC6E100354EA8 /* FuturaCondensedItalic.ttf */; settings = {ASSET_TAGS = (); }; };
		47A4E7001C0CC6E100354EA8 /* FuturaCondensedLight.ttf in Resources */ = {isa = PBXBuildFile; fileRef = 47A4E6DA1C0CC6E100354EA8 /* FuturaCondensedLight.ttf */; settings = {ASSET_TAGS = (); }; };
		47A4E7011C0CC6E100354EA8 /* FuturCondensedLightItalic.ttf in Resources */ = {isa = PBXBuildFile; fileRef = 47A4E6DB1C0CC6E100354EA8 /* FuturCondensedLightItalic.ttf */; settings = {ASSET_TAGS = (); }; };
		47A4E7021C0CC6E100354EA8 /* FuturaMaxiBlack.ttf in Resources */ = {isa = PBXBuildFile; fileRef = 47A4E6DD1C0CC6E100354EA8 /* FuturaMaxiBlack.ttf */; settings = {ASSET_TAGS = (); }; };
		47A4E7031C0CC6E100354EA8 /* FuturaMaxiBold.ttf in Resources */ = {isa = PBXBuildFile; fileRef = 47A4E6DE1C0CC6E100354EA8 /* FuturaMaxiBold.ttf */; settings = {ASSET_TAGS = (); }; };
		47A4E7041C0CC6E100354EA8 /* FuturaMaxiBook.ttf in Resources */ = {isa = PBXBuildFile; fileRef = 47A4E6DF1C0CC6E100354EA8 /* FuturaMaxiBook.ttf */; settings = {ASSET_TAGS = (); }; };
		47A4E7051C0CC6E100354EA8 /* FuturaMaxiDemi.ttf in Resources */ = {isa = PBXBuildFile; fileRef = 47A4E6E01C0CC6E100354EA8 /* FuturaMaxiDemi.ttf */; settings = {ASSET_TAGS = (); }; };
		47A4E7061C0CC6E100354EA8 /* FuturaMaxiLight.ttf in Resources */ = {isa = PBXBuildFile; fileRef = 47A4E6E11C0CC6E100354EA8 /* FuturaMaxiLight.ttf */; settings = {ASSET_TAGS = (); }; };
		47A4E7091C0D0BB600354EA8 /* ButtonNode.swift in Sources */ = {isa = PBXBuildFile; fileRef = 47A4E7081C0D0BB600354EA8 /* ButtonNode.swift */; settings = {ASSET_TAGS = (); }; };
		47EBDF701C1BBB810075CF0B /* MyPlaylistsController.swift in Sources */ = {isa = PBXBuildFile; fileRef = 47EBDF6F1C1BBB810075CF0B /* MyPlaylistsController.swift */; settings = {ASSET_TAGS = (); }; };
		47EBDF721C1BBB8F0075CF0B /* ImportPlaylistsController.swift in Sources */ = {isa = PBXBuildFile; fileRef = 47EBDF711C1BBB8F0075CF0B /* ImportPlaylistsController.swift */; settings = {ASSET_TAGS = (); }; };
		47EBDF741C1BBBA50075CF0B /* MyProfileController.swift in Sources */ = {isa = PBXBuildFile; fileRef = 47EBDF731C1BBBA50075CF0B /* MyProfileController.swift */; settings = {ASSET_TAGS = (); }; };
		47EBDF761C1BBBAB0075CF0B /* InboxController.swift in Sources */ = {isa = PBXBuildFile; fileRef = 47EBDF751C1BBBAB0075CF0B /* InboxController.swift */; settings = {ASSET_TAGS = (); }; };
		47EBDF781C1BBBB30075CF0B /* AchievementsController.swift in Sources */ = {isa = PBXBuildFile; fileRef = 47EBDF771C1BBBB30075CF0B /* AchievementsController.swift */; settings = {ASSET_TAGS = (); }; };
		47EBDF7A1C1BBBC90075CF0B /* SearchStreamsController.swift in Sources */ = {isa = PBXBuildFile; fileRef = 47EBDF791C1BBBC90075CF0B /* SearchStreamsController.swift */; settings = {ASSET_TAGS = (); }; };
		47EBDF7C1C1BBBD30075CF0B /* SearchUsersController.swift in Sources */ = {isa = PBXBuildFile; fileRef = 47EBDF7B1C1BBBD30075CF0B /* SearchUsersController.swift */; settings = {ASSET_TAGS = (); }; };
		47EBDF7E1C1BBBE20075CF0B /* SocialFeedController.swift in Sources */ = {isa = PBXBuildFile; fileRef = 47EBDF7D1C1BBBE20075CF0B /* SocialFeedController.swift */; settings = {ASSET_TAGS = (); }; };
		47EBDF801C1BBBEB0075CF0B /* StreamsFeedController.swift in Sources */ = {isa = PBXBuildFile; fileRef = 47EBDF7F1C1BBBEB0075CF0B /* StreamsFeedController.swift */; settings = {ASSET_TAGS = (); }; };
		47EBDF821C1BBBF50075CF0B /* RecommendedFeedController.swift in Sources */ = {isa = PBXBuildFile; fileRef = 47EBDF811C1BBBF50075CF0B /* RecommendedFeedController.swift */; settings = {ASSET_TAGS = (); }; };
		47EBDF881C1BD8A80075CF0B /* Genre.swift in Sources */ = {isa = PBXBuildFile; fileRef = 47EBDF851C1BD8A80075CF0B /* Genre.swift */; settings = {ASSET_TAGS = (); }; };
		47EBDF891C1BD8A80075CF0B /* Playlist.swift in Sources */ = {isa = PBXBuildFile; fileRef = 47EBDF861C1BD8A80075CF0B /* Playlist.swift */; settings = {ASSET_TAGS = (); }; };
		47EBDF8A1C1BD8A80075CF0B /* SynncTrack.swift in Sources */ = {isa = PBXBuildFile; fileRef = 47EBDF871C1BD8A80075CF0B /* SynncTrack.swift */; settings = {ASSET_TAGS = (); }; };
		47EBDF8C1C1BD9010075CF0B /* Playlist+Synnc.swift in Sources */ = {isa = PBXBuildFile; fileRef = 47EBDF8B1C1BD9010075CF0B /* Playlist+Synnc.swift */; settings = {ASSET_TAGS = (); }; };
		47EBDF911C1BDC0A0075CF0B /* SynncDataModel.xcdatamodeld in Sources */ = {isa = PBXBuildFile; fileRef = 47EBDF8F1C1BDC0A0075CF0B /* SynncDataModel.xcdatamodeld */; settings = {ASSET_TAGS = (); }; };
		47EBDF961C1BDD480075CF0B /* Spotify.framework in Frameworks */ = {isa = PBXBuildFile; fileRef = 47EBDF951C1BDD480075CF0B /* Spotify.framework */; settings = {ASSET_TAGS = (); }; };
		47EBDF981C1BDD5A0075CF0B /* AVFoundation.framework in Frameworks */ = {isa = PBXBuildFile; fileRef = 47EBDF971C1BDD5A0075CF0B /* AVFoundation.framework */; };
		47EBDF9A1C1BE1470075CF0B /* SynncArtist.swift in Sources */ = {isa = PBXBuildFile; fileRef = 47EBDF991C1BE1470075CF0B /* SynncArtist.swift */; settings = {ASSET_TAGS = (); }; };
		47EBDF9D1C1BE18B0075CF0B /* SynncTrack+Soundcloud.swift in Sources */ = {isa = PBXBuildFile; fileRef = 47EBDF9C1C1BE18B0075CF0B /* SynncTrack+Soundcloud.swift */; settings = {ASSET_TAGS = (); }; };
		47EBDF9F1C1BE1990075CF0B /* SynncTrack+Spotify.swift in Sources */ = {isa = PBXBuildFile; fileRef = 47EBDF9E1C1BE1990075CF0B /* SynncTrack+Spotify.swift */; settings = {ASSET_TAGS = (); }; };
		47EBDFA41C1C8A060075CF0B /* SynncArtist+Soundcloud.swift in Sources */ = {isa = PBXBuildFile; fileRef = 47EBDFA31C1C8A060075CF0B /* SynncArtist+Soundcloud.swift */; settings = {ASSET_TAGS = (); }; };
		47EBDFA61C1C8A110075CF0B /* SynncArtist+Spotify.swift in Sources */ = {isa = PBXBuildFile; fileRef = 47EBDFA51C1C8A110075CF0B /* SynncArtist+Spotify.swift */; settings = {ASSET_TAGS = (); }; };
		AE1887B23F9B3A2975B4ABE6 /* Pods_Synnc.framework in Frameworks */ = {isa = PBXBuildFile; fileRef = BD3328BD9CD839D192721FD5 /* Pods_Synnc.framework */; };
/* End PBXBuildFile section */

/* Begin PBXContainerItemProxy section */
		47A4E68E1C0CAE6200354EA8 /* PBXContainerItemProxy */ = {
			isa = PBXContainerItemProxy;
			containerPortal = 47A4E6711C0CAE6100354EA8 /* Project object */;
			proxyType = 1;
			remoteGlobalIDString = 47A4E6781C0CAE6100354EA8;
			remoteInfo = Synnc;
		};
		47A4E6991C0CAE6200354EA8 /* PBXContainerItemProxy */ = {
			isa = PBXContainerItemProxy;
			containerPortal = 47A4E6711C0CAE6100354EA8 /* Project object */;
			proxyType = 1;
			remoteGlobalIDString = 47A4E6781C0CAE6100354EA8;
			remoteInfo = Synnc;
		};
/* End PBXContainerItemProxy section */

/* Begin PBXFileReference section */
		4704DDBA1C15EE3300B40118 /* UBUNTU FONT LICENCE.txt */ = {isa = PBXFileReference; fileEncoding = 4; lastKnownFileType = text; path = "UBUNTU FONT LICENCE.txt"; sourceTree = "<group>"; };
		4704DDBB1C15EE3300B40118 /* Ubuntu-B.ttf */ = {isa = PBXFileReference; lastKnownFileType = file; path = "Ubuntu-B.ttf"; sourceTree = "<group>"; };
		4704DDBC1C15EE3300B40118 /* Ubuntu-BI.ttf */ = {isa = PBXFileReference; lastKnownFileType = file; path = "Ubuntu-BI.ttf"; sourceTree = "<group>"; };
		4704DDBD1C15EE3300B40118 /* Ubuntu-C.ttf */ = {isa = PBXFileReference; lastKnownFileType = file; path = "Ubuntu-C.ttf"; sourceTree = "<group>"; };
		4704DDBE1C15EE3300B40118 /* Ubuntu-L.ttf */ = {isa = PBXFileReference; lastKnownFileType = file; path = "Ubuntu-L.ttf"; sourceTree = "<group>"; };
		4704DDBF1C15EE3300B40118 /* Ubuntu-LI.ttf */ = {isa = PBXFileReference; lastKnownFileType = file; path = "Ubuntu-LI.ttf"; sourceTree = "<group>"; };
		4704DDC01C15EE3300B40118 /* Ubuntu-M.ttf */ = {isa = PBXFileReference; lastKnownFileType = file; path = "Ubuntu-M.ttf"; sourceTree = "<group>"; };
		4704DDC11C15EE3300B40118 /* Ubuntu-MI.ttf */ = {isa = PBXFileReference; lastKnownFileType = file; path = "Ubuntu-MI.ttf"; sourceTree = "<group>"; };
		4704DDC21C15EE3300B40118 /* Ubuntu-R.ttf */ = {isa = PBXFileReference; lastKnownFileType = file; path = "Ubuntu-R.ttf"; sourceTree = "<group>"; };
		4704DDC31C15EE3300B40118 /* Ubuntu-RI.ttf */ = {isa = PBXFileReference; lastKnownFileType = file; path = "Ubuntu-RI.ttf"; sourceTree = "<group>"; };
		4704DDCE1C17329F00B40118 /* AnimatedLogoNode.swift */ = {isa = PBXFileReference; fileEncoding = 4; lastKnownFileType = sourcecode.swift; path = AnimatedLogoNode.swift; sourceTree = "<group>"; };
		4704DDD01C17A9DA00B40118 /* TabControllerNode.swift */ = {isa = PBXFileReference; fileEncoding = 4; lastKnownFileType = sourcecode.swift; path = TabControllerNode.swift; sourceTree = "<group>"; };
		4704DDD21C17AC1900B40118 /* TabNode.swift */ = {isa = PBXFileReference; fileEncoding = 4; lastKnownFileType = sourcecode.swift; path = TabNode.swift; sourceTree = "<group>"; };
		4712B62C1C0F58E100C49522 /* ASMaterialTextField.swift */ = {isa = PBXFileReference; fileEncoding = 4; lastKnownFileType = sourcecode.swift; path = ASMaterialTextField.swift; sourceTree = "<group>"; };
		4712B62E1C0F594600C49522 /* Synnc-Bridging-Header.h */ = {isa = PBXFileReference; lastKnownFileType = sourcecode.c.h; path = "Synnc-Bridging-Header.h"; sourceTree = "<group>"; };
		4712B62F1C0F594700C49522 /* JJMaterialTextfield.h */ = {isa = PBXFileReference; fileEncoding = 4; lastKnownFileType = sourcecode.c.h; path = JJMaterialTextfield.h; sourceTree = "<group>"; };
		4712B6301C0F594700C49522 /* JJMaterialTextfield.m */ = {isa = PBXFileReference; fileEncoding = 4; lastKnownFileType = sourcecode.c.objc; path = JJMaterialTextfield.m; sourceTree = "<group>"; };
		4712B6321C0FAA3B00C49522 /* LoginButtonNode.swift */ = {isa = PBXFileReference; fileEncoding = 4; lastKnownFileType = sourcecode.swift; path = LoginButtonNode.swift; sourceTree = "<group>"; };
		4712B6381C10780200C49522 /* LSFormNode.swift */ = {isa = PBXFileReference; fileEncoding = 4; lastKnownFileType = sourcecode.swift; path = LSFormNode.swift; sourceTree = "<group>"; };
		4712B63A1C11149800C49522 /* Utilities.swift */ = {isa = PBXFileReference; fileEncoding = 4; lastKnownFileType = sourcecode.swift; path = Utilities.swift; sourceTree = "<group>"; };
		4712B63C1C1206BA00C49522 /* NotificationView.xib */ = {isa = PBXFileReference; fileEncoding = 4; lastKnownFileType = file.xib; path = NotificationView.xib; sourceTree = "<group>"; };
		4712B63F1C1321BB00C49522 /* WildUser+TwitterUser.swift */ = {isa = PBXFileReference; fileEncoding = 4; lastKnownFileType = sourcecode.swift; path = "WildUser+TwitterUser.swift"; sourceTree = "<group>"; };
		471834221C187F59005C9533 /* HeaderNode.swift */ = {isa = PBXFileReference; fileEncoding = 4; lastKnownFileType = sourcecode.swift; path = HeaderNode.swift; sourceTree = "<group>"; };
		471834261C18893C005C9533 /* SubsectionSelectorNode.swift */ = {isa = PBXFileReference; fileEncoding = 4; lastKnownFileType = sourcecode.swift; path = SubsectionSelectorNode.swift; sourceTree = "<group>"; };
		471834281C199AEF005C9533 /* TabbarContentScroller.swift */ = {isa = PBXFileReference; fileEncoding = 4; lastKnownFileType = sourcecode.swift; path = TabbarContentScroller.swift; sourceTree = "<group>"; };
		4718342D1C1A791A005C9533 /* TabItem.swift */ = {isa = PBXFileReference; fileEncoding = 4; lastKnownFileType = sourcecode.swift; path = TabItem.swift; sourceTree = "<group>"; };
		471834351C1B3D6E005C9533 /* HomeController.swift */ = {isa = PBXFileReference; fileEncoding = 4; lastKnownFileType = sourcecode.swift; path = HomeController.swift; sourceTree = "<group>"; };
		471834371C1B3D82005C9533 /* SearchController.swift */ = {isa = PBXFileReference; fileEncoding = 4; lastKnownFileType = sourcecode.swift; path = SearchController.swift; sourceTree = "<group>"; };
		471834391C1B3DA3005C9533 /* MyStreamController.swift */ = {isa = PBXFileReference; fileEncoding = 4; lastKnownFileType = sourcecode.swift; path = MyStreamController.swift; sourceTree = "<group>"; };
		4718343B1C1B3DD5005C9533 /* PlaylistsController.swift */ = {isa = PBXFileReference; fileEncoding = 4; lastKnownFileType = sourcecode.swift; path = PlaylistsController.swift; sourceTree = "<group>"; };
		4718343D1C1B3DDD005C9533 /* MeController.swift */ = {isa = PBXFileReference; fileEncoding = 4; lastKnownFileType = sourcecode.swift; path = MeController.swift; sourceTree = "<group>"; };
		47A4E6791C0CAE6100354EA8 /* Synnc.app */ = {isa = PBXFileReference; explicitFileType = wrapper.application; includeInIndex = 0; path = Synnc.app; sourceTree = BUILT_PRODUCTS_DIR; };
		47A4E67C1C0CAE6100354EA8 /* Synnc.swift */ = {isa = PBXFileReference; lastKnownFileType = sourcecode.swift; path = Synnc.swift; sourceTree = "<group>"; };
		47A4E6831C0CAE6100354EA8 /* Assets.xcassets */ = {isa = PBXFileReference; lastKnownFileType = folder.assetcatalog; path = Assets.xcassets; sourceTree = "<group>"; };
		47A4E6861C0CAE6100354EA8 /* Base */ = {isa = PBXFileReference; lastKnownFileType = file.storyboard; name = Base; path = Base.lproj/LaunchScreen.storyboard; sourceTree = "<group>"; };
		47A4E6881C0CAE6100354EA8 /* Info.plist */ = {isa = PBXFileReference; lastKnownFileType = text.plist.xml; path = Info.plist; sourceTree = "<group>"; };
		47A4E68D1C0CAE6200354EA8 /* SynncTests.xctest */ = {isa = PBXFileReference; explicitFileType = wrapper.cfbundle; includeInIndex = 0; path = SynncTests.xctest; sourceTree = BUILT_PRODUCTS_DIR; };
		47A4E6911C0CAE6200354EA8 /* SynncTests.swift */ = {isa = PBXFileReference; lastKnownFileType = sourcecode.swift; path = SynncTests.swift; sourceTree = "<group>"; };
		47A4E6931C0CAE6200354EA8 /* Info.plist */ = {isa = PBXFileReference; lastKnownFileType = text.plist.xml; path = Info.plist; sourceTree = "<group>"; };
		47A4E6981C0CAE6200354EA8 /* SynncUITests.xctest */ = {isa = PBXFileReference; explicitFileType = wrapper.cfbundle; includeInIndex = 0; path = SynncUITests.xctest; sourceTree = BUILT_PRODUCTS_DIR; };
		47A4E69C1C0CAE6200354EA8 /* SynncUITests.swift */ = {isa = PBXFileReference; lastKnownFileType = sourcecode.swift; path = SynncUITests.swift; sourceTree = "<group>"; };
		47A4E69E1C0CAE6200354EA8 /* Info.plist */ = {isa = PBXFileReference; lastKnownFileType = text.plist.xml; path = Info.plist; sourceTree = "<group>"; };
		47A4E6AE1C0CB46B00354EA8 /* RootViewController.swift */ = {isa = PBXFileReference; fileEncoding = 4; lastKnownFileType = sourcecode.swift; path = RootViewController.swift; sourceTree = "<group>"; };
		47A4E6B01C0CB4D600354EA8 /* MainUser.swift */ = {isa = PBXFileReference; fileEncoding = 4; lastKnownFileType = sourcecode.swift; path = MainUser.swift; sourceTree = "<group>"; };
		47A4E6B21C0CB69700354EA8 /* LoginViewController.swift */ = {isa = PBXFileReference; fileEncoding = 4; lastKnownFileType = sourcecode.swift; path = LoginViewController.swift; sourceTree = "<group>"; };
		47A4E6B41C0CB6D100354EA8 /* LoginNode.swift */ = {isa = PBXFileReference; fileEncoding = 4; lastKnownFileType = sourcecode.swift; path = LoginNode.swift; sourceTree = "<group>"; };
		47A4E6B61C0CB83E00354EA8 /* SoundcloudApp.plist */ = {isa = PBXFileReference; fileEncoding = 4; lastKnownFileType = text.plist.xml; path = SoundcloudApp.plist; sourceTree = "<group>"; };
		47A4E6BA1C0CC6E100354EA8 /* Futura.ttf */ = {isa = PBXFileReference; lastKnownFileType = file; path = Futura.ttf; sourceTree = "<group>"; };
		47A4E6BB1C0CC6E100354EA8 /* FuturaBold.ttf */ = {isa = PBXFileReference; lastKnownFileType = file; path = FuturaBold.ttf; sourceTree = "<group>"; };
		47A4E6BC1C0CC6E100354EA8 /* FuturaBoldItalic.ttf */ = {isa = PBXFileReference; lastKnownFileType = file; path = FuturaBoldItalic.ttf; sourceTree = "<group>"; };
		47A4E6BD1C0CC6E100354EA8 /* FuturaBook.ttf */ = {isa = PBXFileReference; lastKnownFileType = file; path = FuturaBook.ttf; sourceTree = "<group>"; };
		47A4E6BE1C0CC6E100354EA8 /* FuturaBookItalic.ttf */ = {isa = PBXFileReference; lastKnownFileType = file; path = FuturaBookItalic.ttf; sourceTree = "<group>"; };
		47A4E6BF1C0CC6E100354EA8 /* FuturaExtraBold.ttf */ = {isa = PBXFileReference; lastKnownFileType = file; path = FuturaExtraBold.ttf; sourceTree = "<group>"; };
		47A4E6C01C0CC6E100354EA8 /* FuturaExtraBoldItalic.ttf */ = {isa = PBXFileReference; lastKnownFileType = file; path = FuturaExtraBoldItalic.ttf; sourceTree = "<group>"; };
		47A4E6C11C0CC6E100354EA8 /* FuturaHeavy.ttf */ = {isa = PBXFileReference; lastKnownFileType = file; path = FuturaHeavy.ttf; sourceTree = "<group>"; };
		47A4E6C21C0CC6E100354EA8 /* FuturaHeavyItalic.ttf */ = {isa = PBXFileReference; lastKnownFileType = file; path = FuturaHeavyItalic.ttf; sourceTree = "<group>"; };
		47A4E6C31C0CC6E100354EA8 /* FuturaItalic.ttf */ = {isa = PBXFileReference; lastKnownFileType = file; path = FuturaItalic.ttf; sourceTree = "<group>"; };
		47A4E6C41C0CC6E100354EA8 /* FuturaLight.ttf */ = {isa = PBXFileReference; lastKnownFileType = file; path = FuturaLight.ttf; sourceTree = "<group>"; };
		47A4E6C51C0CC6E100354EA8 /* FuturaLightItalic.ttf */ = {isa = PBXFileReference; lastKnownFileType = file; path = FuturaLightItalic.ttf; sourceTree = "<group>"; };
		47A4E6C71C0CC6E100354EA8 /* FuturaBoldItMas.ttf */ = {isa = PBXFileReference; lastKnownFileType = file; path = FuturaBoldItMas.ttf; sourceTree = "<group>"; };
		47A4E6C81C0CC6E100354EA8 /* FuturaBoldMas.ttf */ = {isa = PBXFileReference; lastKnownFileType = file; path = FuturaBoldMas.ttf; sourceTree = "<group>"; };
		47A4E6C91C0CC6E100354EA8 /* FuturaBookItMas.ttf */ = {isa = PBXFileReference; lastKnownFileType = file; path = FuturaBookItMas.ttf; sourceTree = "<group>"; };
		47A4E6CA1C0CC6E100354EA8 /* FuturaBookMas.ttf */ = {isa = PBXFileReference; lastKnownFileType = file; path = FuturaBookMas.ttf; sourceTree = "<group>"; };
		47A4E6CB1C0CC6E100354EA8 /* FuturaExBoldMas.ttf */ = {isa = PBXFileReference; lastKnownFileType = file; path = FuturaExBoldMas.ttf; sourceTree = "<group>"; };
		47A4E6CC1C0CC6E100354EA8 /* FuturaExtBdItMas.ttf */ = {isa = PBXFileReference; lastKnownFileType = file; path = FuturaExtBdItMas.ttf; sourceTree = "<group>"; };
		47A4E6CD1C0CC6E100354EA8 /* FuturaHeaItMas.ttf */ = {isa = PBXFileReference; lastKnownFileType = file; path = FuturaHeaItMas.ttf; sourceTree = "<group>"; };
		47A4E6CE1C0CC6E100354EA8 /* FuturaHeaMas.ttf */ = {isa = PBXFileReference; lastKnownFileType = file; path = FuturaHeaMas.ttf; sourceTree = "<group>"; };
		47A4E6CF1C0CC6E100354EA8 /* FuturaItMas.ttf */ = {isa = PBXFileReference; lastKnownFileType = file; path = FuturaItMas.ttf; sourceTree = "<group>"; };
		47A4E6D01C0CC6E100354EA8 /* FuturaLigItMas.ttf */ = {isa = PBXFileReference; lastKnownFileType = file; path = FuturaLigItMas.ttf; sourceTree = "<group>"; };
		47A4E6D11C0CC6E100354EA8 /* FuturaLigMas.ttf */ = {isa = PBXFileReference; lastKnownFileType = file; path = FuturaLigMas.ttf; sourceTree = "<group>"; };
		47A4E6D21C0CC6E100354EA8 /* FuturaMas.ttf */ = {isa = PBXFileReference; lastKnownFileType = file; path = FuturaMas.ttf; sourceTree = "<group>"; };
		47A4E6D41C0CC6E100354EA8 /* FuturaCondensed.ttf */ = {isa = PBXFileReference; lastKnownFileType = file; path = FuturaCondensed.ttf; sourceTree = "<group>"; };
		47A4E6D51C0CC6E100354EA8 /* FuturaCondensedBold.ttf */ = {isa = PBXFileReference; lastKnownFileType = file; path = FuturaCondensedBold.ttf; sourceTree = "<group>"; };
		47A4E6D61C0CC6E100354EA8 /* FuturaCondensedBoldItalic.ttf */ = {isa = PBXFileReference; lastKnownFileType = file; path = FuturaCondensedBoldItalic.ttf; sourceTree = "<group>"; };
		47A4E6D71C0CC6E100354EA8 /* FuturaCondensedExtraBold.ttf */ = {isa = PBXFileReference; lastKnownFileType = file; path = FuturaCondensedExtraBold.ttf; sourceTree = "<group>"; };
		47A4E6D81C0CC6E100354EA8 /* FuturaCondensedExtraBoldItalic.ttf */ = {isa = PBXFileReference; lastKnownFileType = file; path = FuturaCondensedExtraBoldItalic.ttf; sourceTree = "<group>"; };
		47A4E6D91C0CC6E100354EA8 /* FuturaCondensedItalic.ttf */ = {isa = PBXFileReference; lastKnownFileType = file; path = FuturaCondensedItalic.ttf; sourceTree = "<group>"; };
		47A4E6DA1C0CC6E100354EA8 /* FuturaCondensedLight.ttf */ = {isa = PBXFileReference; lastKnownFileType = file; path = FuturaCondensedLight.ttf; sourceTree = "<group>"; };
		47A4E6DB1C0CC6E100354EA8 /* FuturCondensedLightItalic.ttf */ = {isa = PBXFileReference; lastKnownFileType = file; path = FuturCondensedLightItalic.ttf; sourceTree = "<group>"; };
		47A4E6DD1C0CC6E100354EA8 /* FuturaMaxiBlack.ttf */ = {isa = PBXFileReference; lastKnownFileType = file; path = FuturaMaxiBlack.ttf; sourceTree = "<group>"; };
		47A4E6DE1C0CC6E100354EA8 /* FuturaMaxiBold.ttf */ = {isa = PBXFileReference; lastKnownFileType = file; path = FuturaMaxiBold.ttf; sourceTree = "<group>"; };
		47A4E6DF1C0CC6E100354EA8 /* FuturaMaxiBook.ttf */ = {isa = PBXFileReference; lastKnownFileType = file; path = FuturaMaxiBook.ttf; sourceTree = "<group>"; };
		47A4E6E01C0CC6E100354EA8 /* FuturaMaxiDemi.ttf */ = {isa = PBXFileReference; lastKnownFileType = file; path = FuturaMaxiDemi.ttf; sourceTree = "<group>"; };
		47A4E6E11C0CC6E100354EA8 /* FuturaMaxiLight.ttf */ = {isa = PBXFileReference; lastKnownFileType = file; path = FuturaMaxiLight.ttf; sourceTree = "<group>"; };
		47A4E7081C0D0BB600354EA8 /* ButtonNode.swift */ = {isa = PBXFileReference; fileEncoding = 4; lastKnownFileType = sourcecode.swift; path = ButtonNode.swift; sourceTree = "<group>"; };
		47EBDF6F1C1BBB810075CF0B /* MyPlaylistsController.swift */ = {isa = PBXFileReference; fileEncoding = 4; lastKnownFileType = sourcecode.swift; path = MyPlaylistsController.swift; sourceTree = "<group>"; };
		47EBDF711C1BBB8F0075CF0B /* ImportPlaylistsController.swift */ = {isa = PBXFileReference; fileEncoding = 4; lastKnownFileType = sourcecode.swift; path = ImportPlaylistsController.swift; sourceTree = "<group>"; };
		47EBDF731C1BBBA50075CF0B /* MyProfileController.swift */ = {isa = PBXFileReference; fileEncoding = 4; lastKnownFileType = sourcecode.swift; path = MyProfileController.swift; sourceTree = "<group>"; };
		47EBDF751C1BBBAB0075CF0B /* InboxController.swift */ = {isa = PBXFileReference; fileEncoding = 4; lastKnownFileType = sourcecode.swift; path = InboxController.swift; sourceTree = "<group>"; };
		47EBDF771C1BBBB30075CF0B /* AchievementsController.swift */ = {isa = PBXFileReference; fileEncoding = 4; lastKnownFileType = sourcecode.swift; path = AchievementsController.swift; sourceTree = "<group>"; };
		47EBDF791C1BBBC90075CF0B /* SearchStreamsController.swift */ = {isa = PBXFileReference; fileEncoding = 4; lastKnownFileType = sourcecode.swift; path = SearchStreamsController.swift; sourceTree = "<group>"; };
		47EBDF7B1C1BBBD30075CF0B /* SearchUsersController.swift */ = {isa = PBXFileReference; fileEncoding = 4; lastKnownFileType = sourcecode.swift; path = SearchUsersController.swift; sourceTree = "<group>"; };
		47EBDF7D1C1BBBE20075CF0B /* SocialFeedController.swift */ = {isa = PBXFileReference; fileEncoding = 4; lastKnownFileType = sourcecode.swift; path = SocialFeedController.swift; sourceTree = "<group>"; };
		47EBDF7F1C1BBBEB0075CF0B /* StreamsFeedController.swift */ = {isa = PBXFileReference; fileEncoding = 4; lastKnownFileType = sourcecode.swift; path = StreamsFeedController.swift; sourceTree = "<group>"; };
		47EBDF811C1BBBF50075CF0B /* RecommendedFeedController.swift */ = {isa = PBXFileReference; fileEncoding = 4; lastKnownFileType = sourcecode.swift; path = RecommendedFeedController.swift; sourceTree = "<group>"; };
		47EBDF851C1BD8A80075CF0B /* Genre.swift */ = {isa = PBXFileReference; fileEncoding = 4; lastKnownFileType = sourcecode.swift; path = Genre.swift; sourceTree = "<group>"; };
		47EBDF861C1BD8A80075CF0B /* Playlist.swift */ = {isa = PBXFileReference; fileEncoding = 4; lastKnownFileType = sourcecode.swift; path = Playlist.swift; sourceTree = "<group>"; };
		47EBDF871C1BD8A80075CF0B /* SynncTrack.swift */ = {isa = PBXFileReference; fileEncoding = 4; lastKnownFileType = sourcecode.swift; path = SynncTrack.swift; sourceTree = "<group>"; };
		47EBDF8B1C1BD9010075CF0B /* Playlist+Synnc.swift */ = {isa = PBXFileReference; fileEncoding = 4; lastKnownFileType = sourcecode.swift; path = "Playlist+Synnc.swift"; sourceTree = "<group>"; };
		47EBDF901C1BDC0A0075CF0B /* SynncDataModel.xcdatamodel */ = {isa = PBXFileReference; lastKnownFileType = wrapper.xcdatamodel; path = SynncDataModel.xcdatamodel; sourceTree = "<group>"; };
		47EBDF951C1BDD480075CF0B /* Spotify.framework */ = {isa = PBXFileReference; lastKnownFileType = wrapper.framework; path = Spotify.framework; sourceTree = "<group>"; };
		47EBDF971C1BDD5A0075CF0B /* AVFoundation.framework */ = {isa = PBXFileReference; lastKnownFileType = wrapper.framework; name = AVFoundation.framework; path = System/Library/Frameworks/AVFoundation.framework; sourceTree = SDKROOT; };
		47EBDF991C1BE1470075CF0B /* SynncArtist.swift */ = {isa = PBXFileReference; fileEncoding = 4; lastKnownFileType = sourcecode.swift; path = SynncArtist.swift; sourceTree = "<group>"; };
		47EBDF9C1C1BE18B0075CF0B /* SynncTrack+Soundcloud.swift */ = {isa = PBXFileReference; fileEncoding = 4; lastKnownFileType = sourcecode.swift; path = "SynncTrack+Soundcloud.swift"; sourceTree = "<group>"; };
		47EBDF9E1C1BE1990075CF0B /* SynncTrack+Spotify.swift */ = {isa = PBXFileReference; fileEncoding = 4; lastKnownFileType = sourcecode.swift; path = "SynncTrack+Spotify.swift"; sourceTree = "<group>"; };
		47EBDFA31C1C8A060075CF0B /* SynncArtist+Soundcloud.swift */ = {isa = PBXFileReference; fileEncoding = 4; lastKnownFileType = sourcecode.swift; path = "SynncArtist+Soundcloud.swift"; sourceTree = "<group>"; };
		47EBDFA51C1C8A110075CF0B /* SynncArtist+Spotify.swift */ = {isa = PBXFileReference; fileEncoding = 4; lastKnownFileType = sourcecode.swift; path = "SynncArtist+Spotify.swift"; sourceTree = "<group>"; };
		BD3328BD9CD839D192721FD5 /* Pods_Synnc.framework */ = {isa = PBXFileReference; explicitFileType = wrapper.framework; includeInIndex = 0; path = Pods_Synnc.framework; sourceTree = BUILT_PRODUCTS_DIR; };
		DDEF559C0FAFE63DEC6A424D /* Pods-Synnc.release.xcconfig */ = {isa = PBXFileReference; includeInIndex = 1; lastKnownFileType = text.xcconfig; name = "Pods-Synnc.release.xcconfig"; path = "Pods/Target Support Files/Pods-Synnc/Pods-Synnc.release.xcconfig"; sourceTree = "<group>"; };
		FCC4FBCD071656B8A7818426 /* Pods-Synnc.debug.xcconfig */ = {isa = PBXFileReference; includeInIndex = 1; lastKnownFileType = text.xcconfig; name = "Pods-Synnc.debug.xcconfig"; path = "Pods/Target Support Files/Pods-Synnc/Pods-Synnc.debug.xcconfig"; sourceTree = "<group>"; };
/* End PBXFileReference section */

/* Begin PBXFrameworksBuildPhase section */
		47A4E6761C0CAE6100354EA8 /* Frameworks */ = {
			isa = PBXFrameworksBuildPhase;
			buildActionMask = 2147483647;
			files = (
				47EBDF981C1BDD5A0075CF0B /* AVFoundation.framework in Frameworks */,
				AE1887B23F9B3A2975B4ABE6 /* Pods_Synnc.framework in Frameworks */,
				47EBDF961C1BDD480075CF0B /* Spotify.framework in Frameworks */,
			);
			runOnlyForDeploymentPostprocessing = 0;
		};
		47A4E68A1C0CAE6200354EA8 /* Frameworks */ = {
			isa = PBXFrameworksBuildPhase;
			buildActionMask = 2147483647;
			files = (
			);
			runOnlyForDeploymentPostprocessing = 0;
		};
		47A4E6951C0CAE6200354EA8 /* Frameworks */ = {
			isa = PBXFrameworksBuildPhase;
			buildActionMask = 2147483647;
			files = (
			);
			runOnlyForDeploymentPostprocessing = 0;
		};
/* End PBXFrameworksBuildPhase section */

/* Begin PBXGroup section */
		4704DDB91C15EE3300B40118 /* ubuntu */ = {
			isa = PBXGroup;
			children = (
				4704DDBA1C15EE3300B40118 /* UBUNTU FONT LICENCE.txt */,
				4704DDBB1C15EE3300B40118 /* Ubuntu-B.ttf */,
				4704DDBC1C15EE3300B40118 /* Ubuntu-BI.ttf */,
				4704DDBD1C15EE3300B40118 /* Ubuntu-C.ttf */,
				4704DDBE1C15EE3300B40118 /* Ubuntu-L.ttf */,
				4704DDBF1C15EE3300B40118 /* Ubuntu-LI.ttf */,
				4704DDC01C15EE3300B40118 /* Ubuntu-M.ttf */,
				4704DDC11C15EE3300B40118 /* Ubuntu-MI.ttf */,
				4704DDC21C15EE3300B40118 /* Ubuntu-R.ttf */,
				4704DDC31C15EE3300B40118 /* Ubuntu-RI.ttf */,
			);
			path = ubuntu;
			sourceTree = "<group>";
		};
		4712B62B1C0F58BD00C49522 /* MaterialTextField */ = {
			isa = PBXGroup;
			children = (
				4712B62C1C0F58E100C49522 /* ASMaterialTextField.swift */,
				4712B62F1C0F594700C49522 /* JJMaterialTextfield.h */,
				4712B6301C0F594700C49522 /* JJMaterialTextfield.m */,
			);
			name = MaterialTextField;
			sourceTree = "<group>";
		};
		4712B63E1C12867A00C49522 /* Views */ = {
			isa = PBXGroup;
			children = (
				4712B63C1C1206BA00C49522 /* NotificationView.xib */,
			);
			name = Views;
			sourceTree = "<group>";
		};
		4718342C1C1A78F3005C9533 /* Nodes */ = {
			isa = PBXGroup;
			children = (
				4704DDD01C17A9DA00B40118 /* TabControllerNode.swift */,
				4704DDD21C17AC1900B40118 /* TabNode.swift */,
				471834281C199AEF005C9533 /* TabbarContentScroller.swift */,
				471834221C187F59005C9533 /* HeaderNode.swift */,
				471834261C18893C005C9533 /* SubsectionSelectorNode.swift */,
			);
			name = Nodes;
			sourceTree = "<group>";
		};
		471834301C1B3CFF005C9533 /* Home Controller */ = {
			isa = PBXGroup;
			children = (
				471834351C1B3D6E005C9533 /* HomeController.swift */,
				47EBDF681C1BBB2E0075CF0B /* Subsections */,
			);
			name = "Home Controller";
			sourceTree = "<group>";
		};
		471834311C1B3D14005C9533 /* Search Controller */ = {
			isa = PBXGroup;
			children = (
				471834371C1B3D82005C9533 /* SearchController.swift */,
				47EBDF691C1BBB360075CF0B /* Subsections */,
			);
			name = "Search Controller";
			sourceTree = "<group>";
		};
		471834321C1B3D1F005C9533 /* My Stream Controller */ = {
			isa = PBXGroup;
			children = (
				471834391C1B3DA3005C9533 /* MyStreamController.swift */,
			);
			name = "My Stream Controller";
			sourceTree = "<group>";
		};
		471834331C1B3D29005C9533 /* Playlists Controller */ = {
			isa = PBXGroup;
			children = (
				4718343B1C1B3DD5005C9533 /* PlaylistsController.swift */,
				47EBDF6D1C1BBB5C0075CF0B /* Subsections */,
			);
			name = "Playlists Controller";
			sourceTree = "<group>";
		};
		471834341C1B3D2F005C9533 /* Me Controller */ = {
			isa = PBXGroup;
			children = (
				4718343D1C1B3DDD005C9533 /* MeController.swift */,
				47EBDF6E1C1BBB630075CF0B /* Subsections */,
			);
			name = "Me Controller";
			sourceTree = "<group>";
		};
		47A4E6701C0CAE6100354EA8 = {
			isa = PBXGroup;
			children = (
				47A4E67B1C0CAE6100354EA8 /* Synnc */,
				47A4E6901C0CAE6200354EA8 /* SynncTests */,
				47A4E69B1C0CAE6200354EA8 /* SynncUITests */,
				47A4E67A1C0CAE6100354EA8 /* Products */,
				A7CDB247A4C74A4566C4D725 /* Pods */,
				7E17BCCEA77E9EB1A172E5F7 /* Frameworks */,
			);
			sourceTree = "<group>";
		};
		47A4E67A1C0CAE6100354EA8 /* Products */ = {
			isa = PBXGroup;
			children = (
				47A4E6791C0CAE6100354EA8 /* Synnc.app */,
				47A4E68D1C0CAE6200354EA8 /* SynncTests.xctest */,
				47A4E6981C0CAE6200354EA8 /* SynncUITests.xctest */,
			);
			name = Products;
			sourceTree = "<group>";
		};
		47A4E67B1C0CAE6100354EA8 /* Synnc */ = {
			isa = PBXGroup;
			children = (
				47A4E67C1C0CAE6100354EA8 /* Synnc.swift */,
				4712B63A1C11149800C49522 /* Utilities.swift */,
				47EBDF941C1BDD390075CF0B /* Spotify SDK */,
				47EBDF841C1BD89D0075CF0B /* Data Model */,
				47EBDF831C1BD8860075CF0B /* User Related */,
				4712B63E1C12867A00C49522 /* Views */,
				4712B62B1C0F58BD00C49522 /* MaterialTextField */,
				47A4E7071C0D0B9800354EA8 /* Nodes */,
				47A4E6AB1C0CB42800354EA8 /* ViewControllers */,
				47A4E6AA1C0CAEDC00354EA8 /* Assets */,
			);
			path = Synnc;
			sourceTree = "<group>";
		};
		47A4E6901C0CAE6200354EA8 /* SynncTests */ = {
			isa = PBXGroup;
			children = (
				47A4E6911C0CAE6200354EA8 /* SynncTests.swift */,
				47A4E6931C0CAE6200354EA8 /* Info.plist */,
			);
			path = SynncTests;
			sourceTree = "<group>";
		};
		47A4E69B1C0CAE6200354EA8 /* SynncUITests */ = {
			isa = PBXGroup;
			children = (
				47A4E69C1C0CAE6200354EA8 /* SynncUITests.swift */,
				47A4E69E1C0CAE6200354EA8 /* Info.plist */,
			);
			path = SynncUITests;
			sourceTree = "<group>";
		};
		47A4E6AA1C0CAEDC00354EA8 /* Assets */ = {
			isa = PBXGroup;
			children = (
				4712B62E1C0F594600C49522 /* Synnc-Bridging-Header.h */,
				47A4E6B81C0CC6E100354EA8 /* Futura */,
				4704DDB91C15EE3300B40118 /* ubuntu */,
				47A4E6831C0CAE6100354EA8 /* Assets.xcassets */,
				47A4E6851C0CAE6100354EA8 /* LaunchScreen.storyboard */,
				47A4E6B61C0CB83E00354EA8 /* SoundcloudApp.plist */,
				47A4E6881C0CAE6100354EA8 /* Info.plist */,
			);
			name = Assets;
			sourceTree = "<group>";
		};
		47A4E6AB1C0CB42800354EA8 /* ViewControllers */ = {
			isa = PBXGroup;
			children = (
				471834341C1B3D2F005C9533 /* Me Controller */,
				471834331C1B3D29005C9533 /* Playlists Controller */,
				471834321C1B3D1F005C9533 /* My Stream Controller */,
				471834311C1B3D14005C9533 /* Search Controller */,
				471834301C1B3CFF005C9533 /* Home Controller */,
				47A4E6AD1C0CB44000354EA8 /* RootViewController */,
				47A4E6AC1C0CB42E00354EA8 /* LoginViewController */,
			);
			name = ViewControllers;
			sourceTree = "<group>";
		};
		47A4E6AC1C0CB42E00354EA8 /* LoginViewController */ = {
			isa = PBXGroup;
			children = (
				47A4E6B21C0CB69700354EA8 /* LoginViewController.swift */,
				47A4E6B41C0CB6D100354EA8 /* LoginNode.swift */,
				4712B6381C10780200C49522 /* LSFormNode.swift */,
			);
			name = LoginViewController;
			sourceTree = "<group>";
		};
		47A4E6AD1C0CB44000354EA8 /* RootViewController */ = {
			isa = PBXGroup;
			children = (
				47A4E6AE1C0CB46B00354EA8 /* RootViewController.swift */,
				4718342D1C1A791A005C9533 /* TabItem.swift */,
				4718342C1C1A78F3005C9533 /* Nodes */,
			);
			name = RootViewController;
			sourceTree = "<group>";
		};
		47A4E6B81C0CC6E100354EA8 /* Futura */ = {
			isa = PBXGroup;
			children = (
				47A4E6B91C0CC6E100354EA8 /* Futura */,
				47A4E6C61C0CC6E100354EA8 /* Futura Mas */,
				47A4E6D31C0CC6E100354EA8 /* FuturaCondensed */,
				47A4E6DC1C0CC6E100354EA8 /* FuturaMaxi */,
			);
			name = Futura;
			path = fonts/Futura;
			sourceTree = "<group>";
		};
		47A4E6B91C0CC6E100354EA8 /* Futura */ = {
			isa = PBXGroup;
			children = (
				47A4E6BA1C0CC6E100354EA8 /* Futura.ttf */,
				47A4E6BB1C0CC6E100354EA8 /* FuturaBold.ttf */,
				47A4E6BC1C0CC6E100354EA8 /* FuturaBoldItalic.ttf */,
				47A4E6BD1C0CC6E100354EA8 /* FuturaBook.ttf */,
				47A4E6BE1C0CC6E100354EA8 /* FuturaBookItalic.ttf */,
				47A4E6BF1C0CC6E100354EA8 /* FuturaExtraBold.ttf */,
				47A4E6C01C0CC6E100354EA8 /* FuturaExtraBoldItalic.ttf */,
				47A4E6C11C0CC6E100354EA8 /* FuturaHeavy.ttf */,
				47A4E6C21C0CC6E100354EA8 /* FuturaHeavyItalic.ttf */,
				47A4E6C31C0CC6E100354EA8 /* FuturaItalic.ttf */,
				47A4E6C41C0CC6E100354EA8 /* FuturaLight.ttf */,
				47A4E6C51C0CC6E100354EA8 /* FuturaLightItalic.ttf */,
			);
			path = Futura;
			sourceTree = "<group>";
		};
		47A4E6C61C0CC6E100354EA8 /* Futura Mas */ = {
			isa = PBXGroup;
			children = (
				47A4E6C71C0CC6E100354EA8 /* FuturaBoldItMas.ttf */,
				47A4E6C81C0CC6E100354EA8 /* FuturaBoldMas.ttf */,
				47A4E6C91C0CC6E100354EA8 /* FuturaBookItMas.ttf */,
				47A4E6CA1C0CC6E100354EA8 /* FuturaBookMas.ttf */,
				47A4E6CB1C0CC6E100354EA8 /* FuturaExBoldMas.ttf */,
				47A4E6CC1C0CC6E100354EA8 /* FuturaExtBdItMas.ttf */,
				47A4E6CD1C0CC6E100354EA8 /* FuturaHeaItMas.ttf */,
				47A4E6CE1C0CC6E100354EA8 /* FuturaHeaMas.ttf */,
				47A4E6CF1C0CC6E100354EA8 /* FuturaItMas.ttf */,
				47A4E6D01C0CC6E100354EA8 /* FuturaLigItMas.ttf */,
				47A4E6D11C0CC6E100354EA8 /* FuturaLigMas.ttf */,
				47A4E6D21C0CC6E100354EA8 /* FuturaMas.ttf */,
			);
			path = "Futura Mas";
			sourceTree = "<group>";
		};
		47A4E6D31C0CC6E100354EA8 /* FuturaCondensed */ = {
			isa = PBXGroup;
			children = (
				47A4E6D41C0CC6E100354EA8 /* FuturaCondensed.ttf */,
				47A4E6D51C0CC6E100354EA8 /* FuturaCondensedBold.ttf */,
				47A4E6D61C0CC6E100354EA8 /* FuturaCondensedBoldItalic.ttf */,
				47A4E6D71C0CC6E100354EA8 /* FuturaCondensedExtraBold.ttf */,
				47A4E6D81C0CC6E100354EA8 /* FuturaCondensedExtraBoldItalic.ttf */,
				47A4E6D91C0CC6E100354EA8 /* FuturaCondensedItalic.ttf */,
				47A4E6DA1C0CC6E100354EA8 /* FuturaCondensedLight.ttf */,
				47A4E6DB1C0CC6E100354EA8 /* FuturCondensedLightItalic.ttf */,
			);
			path = FuturaCondensed;
			sourceTree = "<group>";
		};
		47A4E6DC1C0CC6E100354EA8 /* FuturaMaxi */ = {
			isa = PBXGroup;
			children = (
				47A4E6DD1C0CC6E100354EA8 /* FuturaMaxiBlack.ttf */,
				47A4E6DE1C0CC6E100354EA8 /* FuturaMaxiBold.ttf */,
				47A4E6DF1C0CC6E100354EA8 /* FuturaMaxiBook.ttf */,
				47A4E6E01C0CC6E100354EA8 /* FuturaMaxiDemi.ttf */,
				47A4E6E11C0CC6E100354EA8 /* FuturaMaxiLight.ttf */,
			);
			path = FuturaMaxi;
			sourceTree = "<group>";
		};
		47A4E7071C0D0B9800354EA8 /* Nodes */ = {
			isa = PBXGroup;
			children = (
				4704DDCE1C17329F00B40118 /* AnimatedLogoNode.swift */,
				47A4E7081C0D0BB600354EA8 /* ButtonNode.swift */,
				4712B6321C0FAA3B00C49522 /* LoginButtonNode.swift */,
			);
			name = Nodes;
			sourceTree = "<group>";
		};
		47C8F97A1C1CA25100333492 /* Playlist */ = {
			isa = PBXGroup;
			children = (
				47EBDF861C1BD8A80075CF0B /* Playlist.swift */,
				47EBDF8B1C1BD9010075CF0B /* Playlist+Synnc.swift */,
			);
			name = Playlist;
			sourceTree = "<group>";
		};
		47EBDF681C1BBB2E0075CF0B /* Subsections */ = {
			isa = PBXGroup;
			children = (
				47EBDF7D1C1BBBE20075CF0B /* SocialFeedController.swift */,
				47EBDF7F1C1BBBEB0075CF0B /* StreamsFeedController.swift */,
				47EBDF811C1BBBF50075CF0B /* RecommendedFeedController.swift */,
			);
			name = Subsections;
			sourceTree = "<group>";
		};
		47EBDF691C1BBB360075CF0B /* Subsections */ = {
			isa = PBXGroup;
			children = (
				47EBDF791C1BBBC90075CF0B /* SearchStreamsController.swift */,
				47EBDF7B1C1BBBD30075CF0B /* SearchUsersController.swift */,
			);
			name = Subsections;
			sourceTree = "<group>";
		};
		47EBDF6D1C1BBB5C0075CF0B /* Subsections */ = {
			isa = PBXGroup;
			children = (
				47EBDF6F1C1BBB810075CF0B /* MyPlaylistsController.swift */,
				47EBDF711C1BBB8F0075CF0B /* ImportPlaylistsController.swift */,
			);
			name = Subsections;
			sourceTree = "<group>";
		};
		47EBDF6E1C1BBB630075CF0B /* Subsections */ = {
			isa = PBXGroup;
			children = (
				47EBDF731C1BBBA50075CF0B /* MyProfileController.swift */,
				47EBDF751C1BBBAB0075CF0B /* InboxController.swift */,
				47EBDF771C1BBBB30075CF0B /* AchievementsController.swift */,
			);
			name = Subsections;
			sourceTree = "<group>";
		};
		47EBDF831C1BD8860075CF0B /* User Related */ = {
			isa = PBXGroup;
			children = (
				47A4E6B01C0CB4D600354EA8 /* MainUser.swift */,
				4712B63F1C1321BB00C49522 /* WildUser+TwitterUser.swift */,
			);
			name = "User Related";
			sourceTree = "<group>";
		};
		47EBDF841C1BD89D0075CF0B /* Data Model */ = {
			isa = PBXGroup;
			children = (
				47EBDF851C1BD8A80075CF0B /* Genre.swift */,
				47C8F97A1C1CA25100333492 /* Playlist */,
				47EBDF9B1C1BE1770075CF0B /* Song */,
				47EBDFA21C1C89CA0075CF0B /* Artist */,
				47EBDF8F1C1BDC0A0075CF0B /* SynncDataModel.xcdatamodeld */,
			);
			name = "Data Model";
			sourceTree = "<group>";
		};
		47EBDF941C1BDD390075CF0B /* Spotify SDK */ = {
			isa = PBXGroup;
			children = (
				47EBDF951C1BDD480075CF0B /* Spotify.framework */,
			);
			name = "Spotify SDK";
			sourceTree = "<group>";
		};
		47EBDF9B1C1BE1770075CF0B /* Song */ = {
			isa = PBXGroup;
			children = (
				47EBDF871C1BD8A80075CF0B /* SynncTrack.swift */,
				47EBDF9C1C1BE18B0075CF0B /* SynncTrack+Soundcloud.swift */,
				47EBDF9E1C1BE1990075CF0B /* SynncTrack+Spotify.swift */,
			);
			name = Song;
			sourceTree = "<group>";
		};
		47EBDFA21C1C89CA0075CF0B /* Artist */ = {
			isa = PBXGroup;
			children = (
				47EBDF991C1BE1470075CF0B /* SynncArtist.swift */,
				47EBDFA31C1C8A060075CF0B /* SynncArtist+Soundcloud.swift */,
				47EBDFA51C1C8A110075CF0B /* SynncArtist+Spotify.swift */,
			);
			name = Artist;
			sourceTree = "<group>";
		};
		7E17BCCEA77E9EB1A172E5F7 /* Frameworks */ = {
			isa = PBXGroup;
			children = (
				47EBDF971C1BDD5A0075CF0B /* AVFoundation.framework */,
				BD3328BD9CD839D192721FD5 /* Pods_Synnc.framework */,
			);
			name = Frameworks;
			sourceTree = "<group>";
		};
		A7CDB247A4C74A4566C4D725 /* Pods */ = {
			isa = PBXGroup;
			children = (
				FCC4FBCD071656B8A7818426 /* Pods-Synnc.debug.xcconfig */,
				DDEF559C0FAFE63DEC6A424D /* Pods-Synnc.release.xcconfig */,
			);
			name = Pods;
			sourceTree = "<group>";
		};
/* End PBXGroup section */

/* Begin PBXNativeTarget section */
		47A4E6781C0CAE6100354EA8 /* Synnc */ = {
			isa = PBXNativeTarget;
			buildConfigurationList = 47A4E6A11C0CAE6200354EA8 /* Build configuration list for PBXNativeTarget "Synnc" */;
			buildPhases = (
				1C8C7FAFE48DCF9029918DF8 /* Check Pods Manifest.lock */,
				47A4E6751C0CAE6100354EA8 /* Sources */,
				47A4E6761C0CAE6100354EA8 /* Frameworks */,
				47A4E6771C0CAE6100354EA8 /* Resources */,
				F95D0FAF1D251CC59D9817A9 /* Embed Pods Frameworks */,
				47D406F14D5F60645CF8BA93 /* Copy Pods Resources */,
				4712B6411C1327B000C49522 /* ShellScript */,
			);
			buildRules = (
			);
			dependencies = (
			);
			name = Synnc;
			productName = Synnc;
			productReference = 47A4E6791C0CAE6100354EA8 /* Synnc.app */;
			productType = "com.apple.product-type.application";
		};
		47A4E68C1C0CAE6200354EA8 /* SynncTests */ = {
			isa = PBXNativeTarget;
			buildConfigurationList = 47A4E6A41C0CAE6200354EA8 /* Build configuration list for PBXNativeTarget "SynncTests" */;
			buildPhases = (
				47A4E6891C0CAE6200354EA8 /* Sources */,
				47A4E68A1C0CAE6200354EA8 /* Frameworks */,
				47A4E68B1C0CAE6200354EA8 /* Resources */,
			);
			buildRules = (
			);
			dependencies = (
				47A4E68F1C0CAE6200354EA8 /* PBXTargetDependency */,
			);
			name = SynncTests;
			productName = SynncTests;
			productReference = 47A4E68D1C0CAE6200354EA8 /* SynncTests.xctest */;
			productType = "com.apple.product-type.bundle.unit-test";
		};
		47A4E6971C0CAE6200354EA8 /* SynncUITests */ = {
			isa = PBXNativeTarget;
			buildConfigurationList = 47A4E6A71C0CAE6200354EA8 /* Build configuration list for PBXNativeTarget "SynncUITests" */;
			buildPhases = (
				47A4E6941C0CAE6200354EA8 /* Sources */,
				47A4E6951C0CAE6200354EA8 /* Frameworks */,
				47A4E6961C0CAE6200354EA8 /* Resources */,
			);
			buildRules = (
			);
			dependencies = (
				47A4E69A1C0CAE6200354EA8 /* PBXTargetDependency */,
			);
			name = SynncUITests;
			productName = SynncUITests;
			productReference = 47A4E6981C0CAE6200354EA8 /* SynncUITests.xctest */;
			productType = "com.apple.product-type.bundle.ui-testing";
		};
/* End PBXNativeTarget section */

/* Begin PBXProject section */
		47A4E6711C0CAE6100354EA8 /* Project object */ = {
			isa = PBXProject;
			attributes = {
				LastSwiftUpdateCheck = 0700;
				LastUpgradeCheck = 0700;
				ORGANIZATIONNAME = "Arda Erzin";
				TargetAttributes = {
					47A4E6781C0CAE6100354EA8 = {
						CreatedOnToolsVersion = 7.0;
						DevelopmentTeam = 6H8UU9QLZ9;
					};
					47A4E68C1C0CAE6200354EA8 = {
						CreatedOnToolsVersion = 7.0;
						TestTargetID = 47A4E6781C0CAE6100354EA8;
					};
					47A4E6971C0CAE6200354EA8 = {
						CreatedOnToolsVersion = 7.0;
						TestTargetID = 47A4E6781C0CAE6100354EA8;
					};
				};
			};
			buildConfigurationList = 47A4E6741C0CAE6100354EA8 /* Build configuration list for PBXProject "Synnc" */;
			compatibilityVersion = "Xcode 3.2";
			developmentRegion = English;
			hasScannedForEncodings = 0;
			knownRegions = (
				en,
				Base,
			);
			mainGroup = 47A4E6701C0CAE6100354EA8;
			productRefGroup = 47A4E67A1C0CAE6100354EA8 /* Products */;
			projectDirPath = "";
			projectRoot = "";
			targets = (
				47A4E6781C0CAE6100354EA8 /* Synnc */,
				47A4E68C1C0CAE6200354EA8 /* SynncTests */,
				47A4E6971C0CAE6200354EA8 /* SynncUITests */,
			);
		};
/* End PBXProject section */

/* Begin PBXResourcesBuildPhase section */
		47A4E6771C0CAE6100354EA8 /* Resources */ = {
			isa = PBXResourcesBuildPhase;
			buildActionMask = 2147483647;
			files = (
				47A4E6F91C0CC6E100354EA8 /* FuturaMas.ttf in Resources */,
				47A4E6E61C0CC6E100354EA8 /* FuturaBookItalic.ttf in Resources */,
				47A4E6F31C0CC6E100354EA8 /* FuturaExtBdItMas.ttf in Resources */,
				47A4E7041C0CC6E100354EA8 /* FuturaMaxiBook.ttf in Resources */,
				4704DDC81C15EE3300B40118 /* Ubuntu-L.ttf in Resources */,
				47A4E6E91C0CC6E100354EA8 /* FuturaHeavy.ttf in Resources */,
				4704DDCD1C15EE3300B40118 /* Ubuntu-RI.ttf in Resources */,
				47A4E7061C0CC6E100354EA8 /* FuturaMaxiLight.ttf in Resources */,
				4704DDCB1C15EE3300B40118 /* Ubuntu-MI.ttf in Resources */,
				4704DDC71C15EE3300B40118 /* Ubuntu-C.ttf in Resources */,
				47A4E6E41C0CC6E100354EA8 /* FuturaBoldItalic.ttf in Resources */,
				47A4E7031C0CC6E100354EA8 /* FuturaMaxiBold.ttf in Resources */,
				47A4E6B71C0CB83E00354EA8 /* SoundcloudApp.plist in Resources */,
				47A4E7001C0CC6E100354EA8 /* FuturaCondensedLight.ttf in Resources */,
				47A4E6FD1C0CC6E100354EA8 /* FuturaCondensedExtraBold.ttf in Resources */,
				47A4E6F41C0CC6E100354EA8 /* FuturaHeaItMas.ttf in Resources */,
				47A4E6E21C0CC6E100354EA8 /* Futura.ttf in Resources */,
				47A4E6F71C0CC6E100354EA8 /* FuturaLigItMas.ttf in Resources */,
				4704DDC51C15EE3300B40118 /* Ubuntu-B.ttf in Resources */,
				47A4E6F81C0CC6E100354EA8 /* FuturaLigMas.ttf in Resources */,
				4712B63D1C1206BA00C49522 /* NotificationView.xib in Resources */,
				47A4E6EE1C0CC6E100354EA8 /* FuturaBoldItMas.ttf in Resources */,
				47A4E6FB1C0CC6E100354EA8 /* FuturaCondensedBold.ttf in Resources */,
				4704DDCA1C15EE3300B40118 /* Ubuntu-M.ttf in Resources */,
				47A4E6871C0CAE6100354EA8 /* LaunchScreen.storyboard in Resources */,
				47A4E6841C0CAE6100354EA8 /* Assets.xcassets in Resources */,
				47A4E6FE1C0CC6E100354EA8 /* FuturaCondensedExtraBoldItalic.ttf in Resources */,
				47A4E6FC1C0CC6E100354EA8 /* FuturaCondensedBoldItalic.ttf in Resources */,
				4704DDC41C15EE3300B40118 /* UBUNTU FONT LICENCE.txt in Resources */,
				4704DDC61C15EE3300B40118 /* Ubuntu-BI.ttf in Resources */,
				47A4E7021C0CC6E100354EA8 /* FuturaMaxiBlack.ttf in Resources */,
				47A4E6FA1C0CC6E100354EA8 /* FuturaCondensed.ttf in Resources */,
				47A4E6EB1C0CC6E100354EA8 /* FuturaItalic.ttf in Resources */,
				4704DDC91C15EE3300B40118 /* Ubuntu-LI.ttf in Resources */,
				47A4E6F21C0CC6E100354EA8 /* FuturaExBoldMas.ttf in Resources */,
				47A4E6EA1C0CC6E100354EA8 /* FuturaHeavyItalic.ttf in Resources */,
				47A4E6E71C0CC6E100354EA8 /* FuturaExtraBold.ttf in Resources */,
				47A4E6EC1C0CC6E100354EA8 /* FuturaLight.ttf in Resources */,
				47A4E6E31C0CC6E100354EA8 /* FuturaBold.ttf in Resources */,
				47A4E6F61C0CC6E100354EA8 /* FuturaItMas.ttf in Resources */,
				47A4E6ED1C0CC6E100354EA8 /* FuturaLightItalic.ttf in Resources */,
				47A4E6FF1C0CC6E100354EA8 /* FuturaCondensedItalic.ttf in Resources */,
				47A4E6F11C0CC6E100354EA8 /* FuturaBookMas.ttf in Resources */,
				47A4E6EF1C0CC6E100354EA8 /* FuturaBoldMas.ttf in Resources */,
				47A4E6F51C0CC6E100354EA8 /* FuturaHeaMas.ttf in Resources */,
				47A4E7051C0CC6E100354EA8 /* FuturaMaxiDemi.ttf in Resources */,
				47A4E6F01C0CC6E100354EA8 /* FuturaBookItMas.ttf in Resources */,
				4704DDCC1C15EE3300B40118 /* Ubuntu-R.ttf in Resources */,
				47A4E6E51C0CC6E100354EA8 /* FuturaBook.ttf in Resources */,
				47A4E6E81C0CC6E100354EA8 /* FuturaExtraBoldItalic.ttf in Resources */,
				47A4E7011C0CC6E100354EA8 /* FuturCondensedLightItalic.ttf in Resources */,
			);
			runOnlyForDeploymentPostprocessing = 0;
		};
		47A4E68B1C0CAE6200354EA8 /* Resources */ = {
			isa = PBXResourcesBuildPhase;
			buildActionMask = 2147483647;
			files = (
			);
			runOnlyForDeploymentPostprocessing = 0;
		};
		47A4E6961C0CAE6200354EA8 /* Resources */ = {
			isa = PBXResourcesBuildPhase;
			buildActionMask = 2147483647;
			files = (
			);
			runOnlyForDeploymentPostprocessing = 0;
		};
/* End PBXResourcesBuildPhase section */

/* Begin PBXShellScriptBuildPhase section */
		1C8C7FAFE48DCF9029918DF8 /* Check Pods Manifest.lock */ = {
			isa = PBXShellScriptBuildPhase;
			buildActionMask = 2147483647;
			files = (
			);
			inputPaths = (
			);
			name = "Check Pods Manifest.lock";
			outputPaths = (
			);
			runOnlyForDeploymentPostprocessing = 0;
			shellPath = /bin/sh;
			shellScript = "diff \"${PODS_ROOT}/../Podfile.lock\" \"${PODS_ROOT}/Manifest.lock\" > /dev/null\nif [[ $? != 0 ]] ; then\n    cat << EOM\nerror: The sandbox is not in sync with the Podfile.lock. Run 'pod install' or update your CocoaPods installation.\nEOM\n    exit 1\nfi\n";
			showEnvVarsInLog = 0;
		};
		4712B6411C1327B000C49522 /* ShellScript */ = {
			isa = PBXShellScriptBuildPhase;
			buildActionMask = 2147483647;
			files = (
			);
			inputPaths = (
			);
			outputPaths = (
			);
			runOnlyForDeploymentPostprocessing = 0;
			shellPath = /bin/sh;
			shellScript = "\"${PODS_ROOT}/Fabric/run\" 47f502ee49ade8a26f22e7aca8e384f1495bd755 a7fa59fe01bc4316f5c3cc278964657dc27cbb733c55df31ee0fb213869f1cce";
		};
		47D406F14D5F60645CF8BA93 /* Copy Pods Resources */ = {
			isa = PBXShellScriptBuildPhase;
			buildActionMask = 2147483647;
			files = (
			);
			inputPaths = (
			);
			name = "Copy Pods Resources";
			outputPaths = (
			);
			runOnlyForDeploymentPostprocessing = 0;
			shellPath = /bin/sh;
			shellScript = "\"${SRCROOT}/Pods/Target Support Files/Pods-Synnc/Pods-Synnc-resources.sh\"\n";
			showEnvVarsInLog = 0;
		};
		F95D0FAF1D251CC59D9817A9 /* Embed Pods Frameworks */ = {
			isa = PBXShellScriptBuildPhase;
			buildActionMask = 2147483647;
			files = (
			);
			inputPaths = (
			);
			name = "Embed Pods Frameworks";
			outputPaths = (
			);
			runOnlyForDeploymentPostprocessing = 0;
			shellPath = /bin/sh;
			shellScript = "\"${SRCROOT}/Pods/Target Support Files/Pods-Synnc/Pods-Synnc-frameworks.sh\"\n";
			showEnvVarsInLog = 0;
		};
/* End PBXShellScriptBuildPhase section */

/* Begin PBXSourcesBuildPhase section */
		47A4E6751C0CAE6100354EA8 /* Sources */ = {
			isa = PBXSourcesBuildPhase;
			buildActionMask = 2147483647;
			files = (
				47A4E6B31C0CB69700354EA8 /* LoginViewController.swift in Sources */,
				47EBDF701C1BBB810075CF0B /* MyPlaylistsController.swift in Sources */,
				4704DDD11C17A9DA00B40118 /* TabControllerNode.swift in Sources */,
				471834271C18893C005C9533 /* SubsectionSelectorNode.swift in Sources */,
				4718343E1C1B3DDD005C9533 /* MeController.swift in Sources */,
				4718343A1C1B3DA3005C9533 /* MyStreamController.swift in Sources */,
				4712B6391C10780200C49522 /* LSFormNode.swift in Sources */,
				47EBDF741C1BBBA50075CF0B /* MyProfileController.swift in Sources */,
				47EBDF7E1C1BBBE20075CF0B /* SocialFeedController.swift in Sources */,
				47EBDF761C1BBBAB0075CF0B /* InboxController.swift in Sources */,
				471834361C1B3D6E005C9533 /* HomeController.swift in Sources */,
				47EBDF8C1C1BD9010075CF0B /* Playlist+Synnc.swift in Sources */,
				47EBDF891C1BD8A80075CF0B /* Playlist.swift in Sources */,
				4712B6401C1321BB00C49522 /* WildUser+TwitterUser.swift in Sources */,
				4712B63B1C11149800C49522 /* Utilities.swift in Sources */,
				4704DDCF1C1732A000B40118 /* AnimatedLogoNode.swift in Sources */,
				47EBDF7A1C1BBBC90075CF0B /* SearchStreamsController.swift in Sources */,
				4712B6331C0FAA3B00C49522 /* LoginButtonNode.swift in Sources */,
				471834381C1B3D82005C9533 /* SearchController.swift in Sources */,
				47EBDF911C1BDC0A0075CF0B /* SynncDataModel.xcdatamodeld in Sources */,
				47EBDF801C1BBBEB0075CF0B /* StreamsFeedController.swift in Sources */,
				47EBDF7C1C1BBBD30075CF0B /* SearchUsersController.swift in Sources */,
				47EBDF9A1C1BE1470075CF0B /* SynncArtist.swift in Sources */,
				4712B6311C0F594700C49522 /* JJMaterialTextfield.m in Sources */,
				47A4E6B11C0CB4D600354EA8 /* MainUser.swift in Sources */,
				47EBDF821C1BBBF50075CF0B /* RecommendedFeedController.swift in Sources */,
				47A4E67D1C0CAE6100354EA8 /* Synnc.swift in Sources */,
				47EBDFA61C1C8A110075CF0B /* SynncArtist+Spotify.swift in Sources */,
				471834231C187F59005C9533 /* HeaderNode.swift in Sources */,
				4718342E1C1A791A005C9533 /* TabItem.swift in Sources */,
				47A4E6B51C0CB6D100354EA8 /* LoginNode.swift in Sources */,
				47A4E6AF1C0CB46B00354EA8 /* RootViewController.swift in Sources */,
				47EBDF9F1C1BE1990075CF0B /* SynncTrack+Spotify.swift in Sources */,
				4704DDD31C17AC1900B40118 /* TabNode.swift in Sources */,
				4718343C1C1B3DD5005C9533 /* PlaylistsController.swift in Sources */,
				47EBDF721C1BBB8F0075CF0B /* ImportPlaylistsController.swift in Sources */,
				47EBDF781C1BBBB30075CF0B /* AchievementsController.swift in Sources */,
				4712B62D1C0F58E100C49522 /* ASMaterialTextField.swift in Sources */,
				47A4E7091C0D0BB600354EA8 /* ButtonNode.swift in Sources */,
				471834291C199AEF005C9533 /* TabbarContentScroller.swift in Sources */,
				47EBDF881C1BD8A80075CF0B /* Genre.swift in Sources */,
				47EBDF9D1C1BE18B0075CF0B /* SynncTrack+Soundcloud.swift in Sources */,
				47EBDFA41C1C8A060075CF0B /* SynncArtist+Soundcloud.swift in Sources */,
				47EBDF8A1C1BD8A80075CF0B /* SynncTrack.swift in Sources */,
			);
			runOnlyForDeploymentPostprocessing = 0;
		};
		47A4E6891C0CAE6200354EA8 /* Sources */ = {
			isa = PBXSourcesBuildPhase;
			buildActionMask = 2147483647;
			files = (
				47A4E6921C0CAE6200354EA8 /* SynncTests.swift in Sources */,
			);
			runOnlyForDeploymentPostprocessing = 0;
		};
		47A4E6941C0CAE6200354EA8 /* Sources */ = {
			isa = PBXSourcesBuildPhase;
			buildActionMask = 2147483647;
			files = (
				47A4E69D1C0CAE6200354EA8 /* SynncUITests.swift in Sources */,
			);
			runOnlyForDeploymentPostprocessing = 0;
		};
/* End PBXSourcesBuildPhase section */

/* Begin PBXTargetDependency section */
		47A4E68F1C0CAE6200354EA8 /* PBXTargetDependency */ = {
			isa = PBXTargetDependency;
			target = 47A4E6781C0CAE6100354EA8 /* Synnc */;
			targetProxy = 47A4E68E1C0CAE6200354EA8 /* PBXContainerItemProxy */;
		};
		47A4E69A1C0CAE6200354EA8 /* PBXTargetDependency */ = {
			isa = PBXTargetDependency;
			target = 47A4E6781C0CAE6100354EA8 /* Synnc */;
			targetProxy = 47A4E6991C0CAE6200354EA8 /* PBXContainerItemProxy */;
		};
/* End PBXTargetDependency section */

/* Begin PBXVariantGroup section */
		47A4E6851C0CAE6100354EA8 /* LaunchScreen.storyboard */ = {
			isa = PBXVariantGroup;
			children = (
				47A4E6861C0CAE6100354EA8 /* Base */,
			);
			name = LaunchScreen.storyboard;
			sourceTree = "<group>";
		};
/* End PBXVariantGroup section */

/* Begin XCBuildConfiguration section */
		47A4E69F1C0CAE6200354EA8 /* Debug */ = {
			isa = XCBuildConfiguration;
			buildSettings = {
				ALWAYS_SEARCH_USER_PATHS = NO;
				CLANG_CXX_LANGUAGE_STANDARD = "gnu++0x";
				CLANG_CXX_LIBRARY = "libc++";
				CLANG_ENABLE_MODULES = YES;
				CLANG_ENABLE_OBJC_ARC = YES;
				CLANG_WARN_BOOL_CONVERSION = YES;
				CLANG_WARN_CONSTANT_CONVERSION = YES;
				CLANG_WARN_DIRECT_OBJC_ISA_USAGE = YES_ERROR;
				CLANG_WARN_EMPTY_BODY = YES;
				CLANG_WARN_ENUM_CONVERSION = YES;
				CLANG_WARN_INT_CONVERSION = YES;
				CLANG_WARN_OBJC_ROOT_CLASS = YES_ERROR;
				CLANG_WARN_UNREACHABLE_CODE = YES;
				CLANG_WARN__DUPLICATE_METHOD_MATCH = YES;
				"CODE_SIGN_IDENTITY[sdk=iphoneos*]" = "iPhone Developer";
				COPY_PHASE_STRIP = NO;
				DEBUG_INFORMATION_FORMAT = dwarf;
				ENABLE_STRICT_OBJC_MSGSEND = YES;
				ENABLE_TESTABILITY = YES;
				GCC_C_LANGUAGE_STANDARD = gnu99;
				GCC_DYNAMIC_NO_PIC = NO;
				GCC_NO_COMMON_BLOCKS = YES;
				GCC_OPTIMIZATION_LEVEL = 0;
				GCC_PREPROCESSOR_DEFINITIONS = (
					"DEBUG=1",
					"$(inherited)",
				);
				GCC_WARN_64_TO_32_BIT_CONVERSION = YES;
				GCC_WARN_ABOUT_RETURN_TYPE = YES_ERROR;
				GCC_WARN_UNDECLARED_SELECTOR = YES;
				GCC_WARN_UNINITIALIZED_AUTOS = YES_AGGRESSIVE;
				GCC_WARN_UNUSED_FUNCTION = YES;
				GCC_WARN_UNUSED_VARIABLE = YES;
				IPHONEOS_DEPLOYMENT_TARGET = 9.0;
				MTL_ENABLE_DEBUG_INFO = YES;
				ONLY_ACTIVE_ARCH = YES;
				SDKROOT = iphoneos;
				SWIFT_OPTIMIZATION_LEVEL = "-Onone";
				TARGETED_DEVICE_FAMILY = "1,2";
			};
			name = Debug;
		};
		47A4E6A01C0CAE6200354EA8 /* Release */ = {
			isa = XCBuildConfiguration;
			buildSettings = {
				ALWAYS_SEARCH_USER_PATHS = NO;
				CLANG_CXX_LANGUAGE_STANDARD = "gnu++0x";
				CLANG_CXX_LIBRARY = "libc++";
				CLANG_ENABLE_MODULES = YES;
				CLANG_ENABLE_OBJC_ARC = YES;
				CLANG_WARN_BOOL_CONVERSION = YES;
				CLANG_WARN_CONSTANT_CONVERSION = YES;
				CLANG_WARN_DIRECT_OBJC_ISA_USAGE = YES_ERROR;
				CLANG_WARN_EMPTY_BODY = YES;
				CLANG_WARN_ENUM_CONVERSION = YES;
				CLANG_WARN_INT_CONVERSION = YES;
				CLANG_WARN_OBJC_ROOT_CLASS = YES_ERROR;
				CLANG_WARN_UNREACHABLE_CODE = YES;
				CLANG_WARN__DUPLICATE_METHOD_MATCH = YES;
				"CODE_SIGN_IDENTITY[sdk=iphoneos*]" = "iPhone Developer";
				COPY_PHASE_STRIP = NO;
				DEBUG_INFORMATION_FORMAT = "dwarf-with-dsym";
				ENABLE_NS_ASSERTIONS = NO;
				ENABLE_STRICT_OBJC_MSGSEND = YES;
				GCC_C_LANGUAGE_STANDARD = gnu99;
				GCC_NO_COMMON_BLOCKS = YES;
				GCC_WARN_64_TO_32_BIT_CONVERSION = YES;
				GCC_WARN_ABOUT_RETURN_TYPE = YES_ERROR;
				GCC_WARN_UNDECLARED_SELECTOR = YES;
				GCC_WARN_UNINITIALIZED_AUTOS = YES_AGGRESSIVE;
				GCC_WARN_UNUSED_FUNCTION = YES;
				GCC_WARN_UNUSED_VARIABLE = YES;
				IPHONEOS_DEPLOYMENT_TARGET = 9.0;
				MTL_ENABLE_DEBUG_INFO = NO;
				SDKROOT = iphoneos;
				TARGETED_DEVICE_FAMILY = "1,2";
				VALIDATE_PRODUCT = YES;
			};
			name = Release;
		};
		47A4E6A21C0CAE6200354EA8 /* Debug */ = {
			isa = XCBuildConfiguration;
			baseConfigurationReference = FCC4FBCD071656B8A7818426 /* Pods-Synnc.debug.xcconfig */;
			buildSettings = {
				ASSETCATALOG_COMPILER_APPICON_NAME = AppIcon;
				CLANG_ENABLE_MODULES = YES;
				CODE_SIGN_IDENTITY = "iPhone Developer";
				FRAMEWORK_SEARCH_PATHS = (
					"$(inherited)",
					"$(PROJECT_DIR)/Synnc",
				);
				INFOPLIST_FILE = Synnc/Info.plist;
				LD_RUNPATH_SEARCH_PATHS = "$(inherited) @executable_path/Frameworks";
				PRODUCT_BUNDLE_IDENTIFIER = com.wildcardlabs.Synnc;
				PRODUCT_NAME = "$(TARGET_NAME)";
				SWIFT_OBJC_BRIDGING_HEADER = "Synnc/Synnc-Bridging-Header.h";
				SWIFT_OPTIMIZATION_LEVEL = "-Onone";
				TARGETED_DEVICE_FAMILY = 1;
			};
			name = Debug;
		};
		47A4E6A31C0CAE6200354EA8 /* Release */ = {
			isa = XCBuildConfiguration;
			baseConfigurationReference = DDEF559C0FAFE63DEC6A424D /* Pods-Synnc.release.xcconfig */;
			buildSettings = {
				ASSETCATALOG_COMPILER_APPICON_NAME = AppIcon;
				CLANG_ENABLE_MODULES = YES;
				CODE_SIGN_IDENTITY = "iPhone Developer";
				FRAMEWORK_SEARCH_PATHS = (
					"$(inherited)",
					"$(PROJECT_DIR)/Synnc",
				);
				INFOPLIST_FILE = Synnc/Info.plist;
				LD_RUNPATH_SEARCH_PATHS = "$(inherited) @executable_path/Frameworks";
				PRODUCT_BUNDLE_IDENTIFIER = com.wildcardlabs.Synnc;
				PRODUCT_NAME = "$(TARGET_NAME)";
				SWIFT_OBJC_BRIDGING_HEADER = "Synnc/Synnc-Bridging-Header.h";
				TARGETED_DEVICE_FAMILY = 1;
			};
			name = Release;
		};
		47A4E6A51C0CAE6200354EA8 /* Debug */ = {
			isa = XCBuildConfiguration;
			buildSettings = {
				BUNDLE_LOADER = "$(TEST_HOST)";
				INFOPLIST_FILE = SynncTests/Info.plist;
				LD_RUNPATH_SEARCH_PATHS = "$(inherited) @executable_path/Frameworks @loader_path/Frameworks";
				PRODUCT_BUNDLE_IDENTIFIER = com.wildcardlabs.SynncTests;
				PRODUCT_NAME = "$(TARGET_NAME)";
				TEST_HOST = "$(BUILT_PRODUCTS_DIR)/Synnc.app/Synnc";
			};
			name = Debug;
		};
		47A4E6A61C0CAE6200354EA8 /* Release */ = {
			isa = XCBuildConfiguration;
			buildSettings = {
				BUNDLE_LOADER = "$(TEST_HOST)";
				INFOPLIST_FILE = SynncTests/Info.plist;
				LD_RUNPATH_SEARCH_PATHS = "$(inherited) @executable_path/Frameworks @loader_path/Frameworks";
				PRODUCT_BUNDLE_IDENTIFIER = com.wildcardlabs.SynncTests;
				PRODUCT_NAME = "$(TARGET_NAME)";
				TEST_HOST = "$(BUILT_PRODUCTS_DIR)/Synnc.app/Synnc";
			};
			name = Release;
		};
		47A4E6A81C0CAE6200354EA8 /* Debug */ = {
			isa = XCBuildConfiguration;
			buildSettings = {
				INFOPLIST_FILE = SynncUITests/Info.plist;
				LD_RUNPATH_SEARCH_PATHS = "$(inherited) @executable_path/Frameworks @loader_path/Frameworks";
				PRODUCT_BUNDLE_IDENTIFIER = com.wildcardlabs.SynncUITests;
				PRODUCT_NAME = "$(TARGET_NAME)";
				TEST_TARGET_NAME = Synnc;
				USES_XCTRUNNER = YES;
			};
			name = Debug;
		};
		47A4E6A91C0CAE6200354EA8 /* Release */ = {
			isa = XCBuildConfiguration;
			buildSettings = {
				INFOPLIST_FILE = SynncUITests/Info.plist;
				LD_RUNPATH_SEARCH_PATHS = "$(inherited) @executable_path/Frameworks @loader_path/Frameworks";
				PRODUCT_BUNDLE_IDENTIFIER = com.wildcardlabs.SynncUITests;
				PRODUCT_NAME = "$(TARGET_NAME)";
				TEST_TARGET_NAME = Synnc;
				USES_XCTRUNNER = YES;
			};
			name = Release;
		};
/* End XCBuildConfiguration section */

/* Begin XCConfigurationList section */
		47A4E6741C0CAE6100354EA8 /* Build configuration list for PBXProject "Synnc" */ = {
			isa = XCConfigurationList;
			buildConfigurations = (
				47A4E69F1C0CAE6200354EA8 /* Debug */,
				47A4E6A01C0CAE6200354EA8 /* Release */,
			);
			defaultConfigurationIsVisible = 0;
			defaultConfigurationName = Release;
		};
		47A4E6A11C0CAE6200354EA8 /* Build configuration list for PBXNativeTarget "Synnc" */ = {
			isa = XCConfigurationList;
			buildConfigurations = (
				47A4E6A21C0CAE6200354EA8 /* Debug */,
				47A4E6A31C0CAE6200354EA8 /* Release */,
			);
			defaultConfigurationIsVisible = 0;
			defaultConfigurationName = Release;
		};
		47A4E6A41C0CAE6200354EA8 /* Build configuration list for PBXNativeTarget "SynncTests" */ = {
			isa = XCConfigurationList;
			buildConfigurations = (
				47A4E6A51C0CAE6200354EA8 /* Debug */,
				47A4E6A61C0CAE6200354EA8 /* Release */,
			);
			defaultConfigurationIsVisible = 0;
			defaultConfigurationName = Release;
		};
		47A4E6A71C0CAE6200354EA8 /* Build configuration list for PBXNativeTarget "SynncUITests" */ = {
			isa = XCConfigurationList;
			buildConfigurations = (
				47A4E6A81C0CAE6200354EA8 /* Debug */,
				47A4E6A91C0CAE6200354EA8 /* Release */,
			);
			defaultConfigurationIsVisible = 0;
			defaultConfigurationName = Release;
		};
/* End XCConfigurationList section */

/* Begin XCVersionGroup section */
		47EBDF8F1C1BDC0A0075CF0B /* SynncDataModel.xcdatamodeld */ = {
			isa = XCVersionGroup;
			children = (
				47EBDF901C1BDC0A0075CF0B /* SynncDataModel.xcdatamodel */,
			);
			currentVersion = 47EBDF901C1BDC0A0075CF0B /* SynncDataModel.xcdatamodel */;
			path = SynncDataModel.xcdatamodeld;
			sourceTree = "<group>";
			versionGroupType = wrapper.xcdatamodel;
		};
/* End XCVersionGroup section */
	};
	rootObject = 47A4E6711C0CAE6100354EA8 /* Project object */;
}
